// !$*UTF8*$!
{
	archiveVersion = 1;
	classes = {
	};
	objectVersion = 48;
	objects = {

/* Begin PBXBuildFile section */
		2A60C1BE1F45D29F003F4C9B /* Main.storyboard in Resources */ = {isa = PBXBuildFile; fileRef = 2A60C1BC1F45D29F003F4C9B /* Main.storyboard */; };
		2A6D2AE71F46FDDD00C98631 /* LoginViewController.swift in Sources */ = {isa = PBXBuildFile; fileRef = 2A6D2AE61F46FDDD00C98631 /* LoginViewController.swift */; };
		2A6D2AE91F46FDF600C98631 /* MenuViewController.swift in Sources */ = {isa = PBXBuildFile; fileRef = 2A6D2AE81F46FDF600C98631 /* MenuViewController.swift */; };
		2A6D2AEC1F47014700C98631 /* LSViewController.swift in Sources */ = {isa = PBXBuildFile; fileRef = 2A6D2AEB1F47014700C98631 /* LSViewController.swift */; };
		2A6D2AF71F47080500C98631 /* SWRevealViewController.m in Sources */ = {isa = PBXBuildFile; fileRef = 2A6D2AF61F47080500C98631 /* SWRevealViewController.m */; };
		2A6D2AFA1F47232400C98631 /* MenuTableViewCell.swift in Sources */ = {isa = PBXBuildFile; fileRef = 2A6D2AF81F47232400C98631 /* MenuTableViewCell.swift */; };
		2A6D2AFB1F47232400C98631 /* MenuTableViewCell.xib in Resources */ = {isa = PBXBuildFile; fileRef = 2A6D2AF91F47232400C98631 /* MenuTableViewCell.xib */; };
		2A7C55E51F46D8BC00A3CD91 /* LaunchScreen.storyboard in Resources */ = {isa = PBXBuildFile; fileRef = 2A7C55E31F46D8BC00A3CD91 /* LaunchScreen.storyboard */; };
		530A67D71FCD6CFC00B2A5C5 /* Buy.framework in Frameworks */ = {isa = PBXBuildFile; fileRef = 530A67CA1FCD6CB400B2A5C5 /* Buy.framework */; };
		530A67D91FCD707800B2A5C5 /* Buy.framework in CopyFiles */ = {isa = PBXBuildFile; fileRef = 530A67CA1FCD6CB400B2A5C5 /* Buy.framework */; settings = {ATTRIBUTES = (CodeSignOnCopy, RemoveHeadersOnCopy, ); }; };
		530A67DC1FCD707800B2A5C5 /* Pay.framework in CopyFiles */ = {isa = PBXBuildFile; fileRef = 530A67D01FCD6CB400B2A5C5 /* Pay.framework */; settings = {ATTRIBUTES = (CodeSignOnCopy, RemoveHeadersOnCopy, ); }; };
		530D61751F4C6DB300AB583F /* Device.swift in Sources */ = {isa = PBXBuildFile; fileRef = 530D61741F4C6DB300AB583F /* Device.swift */; };
		53129CC21FCD7B5B0009AB66 /* Payment.storyboard in Resources */ = {isa = PBXBuildFile; fileRef = 53129CBB1FCD7B5A0009AB66 /* Payment.storyboard */; };
		5324DAD71FCD8983007D366E /* Currency.swift in Sources */ = {isa = PBXBuildFile; fileRef = 53129D351FCD836C0009AB66 /* Currency.swift */; };
		5324DAD81FCD8983007D366E /* Color.swift in Sources */ = {isa = PBXBuildFile; fileRef = 53129D281FCD7FF40009AB66 /* Color.swift */; };
		5324DAD91FCD8983007D366E /* SelectableCell.swift in Sources */ = {isa = PBXBuildFile; fileRef = 53129D291FCD80010009AB66 /* SelectableCell.swift */; };
		5324DADA1FCD8983007D366E /* ImageViewController.swift in Sources */ = {isa = PBXBuildFile; fileRef = 53129D341FCD82B10009AB66 /* ImageViewController.swift */; };
		5324DADB1FCD8983007D366E /* ParallaxViewController.swift in Sources */ = {isa = PBXBuildFile; fileRef = 53129D331FCD82B10009AB66 /* ParallaxViewController.swift */; };
		5324DADC1FCD8983007D366E /* SeparatorView.swift in Sources */ = {isa = PBXBuildFile; fileRef = 53129D321FCD82AF0009AB66 /* SeparatorView.swift */; };
		5324DADD1FCD8983007D366E /* Paginating.swift in Sources */ = {isa = PBXBuildFile; fileRef = 53129D311FCD82850009AB66 /* Paginating.swift */; };
		5324DADE1FCD8983007D366E /* StorefrontCollectionView.swift in Sources */ = {isa = PBXBuildFile; fileRef = 53129D301FCD82850009AB66 /* StorefrontCollectionView.swift */; };
		5324DADF1FCD8983007D366E /* StorefrontTableView.swift in Sources */ = {isa = PBXBuildFile; fileRef = 53129D2F1FCD82840009AB66 /* StorefrontTableView.swift */; };
		5324DAE01FCD8983007D366E /* CartButton.swift in Sources */ = {isa = PBXBuildFile; fileRef = 53129D2B1FCD803A0009AB66 /* CartButton.swift */; };
		5324DAE11FCD8983007D366E /* RoundedButton.swift in Sources */ = {isa = PBXBuildFile; fileRef = 53129D2C1FCD803B0009AB66 /* RoundedButton.swift */; };
		5324DAE21FCD8983007D366E /* SubtitleButton.swift in Sources */ = {isa = PBXBuildFile; fileRef = 53129D2D1FCD803B0009AB66 /* SubtitleButton.swift */; };
		5324DAE31FCD8983007D366E /* CartViewController.swift in Sources */ = {isa = PBXBuildFile; fileRef = 53129D241FCD7F560009AB66 /* CartViewController.swift */; };
		5324DAE41FCD8983007D366E /* CartNavigationController.swift in Sources */ = {isa = PBXBuildFile; fileRef = 53129D251FCD7F600009AB66 /* CartNavigationController.swift */; };
		5324DAE51FCD8983007D366E /* TotalsViewController.swift in Sources */ = {isa = PBXBuildFile; fileRef = 53129D261FCD7F690009AB66 /* TotalsViewController.swift */; };
		5324DAE61FCD8983007D366E /* CartCell.swift in Sources */ = {isa = PBXBuildFile; fileRef = 53129D221FCD7F4A0009AB66 /* CartCell.swift */; };
		5324DAE71FCD8983007D366E /* CollectionsViewController.swift in Sources */ = {isa = PBXBuildFile; fileRef = 53129D161FCD7EB70009AB66 /* CollectionsViewController.swift */; };
		5324DAE81FCD8983007D366E /* ProductCell.swift in Sources */ = {isa = PBXBuildFile; fileRef = 53129D131FCD7E9E0009AB66 /* ProductCell.swift */; };
		5324DAE91FCD8983007D366E /* CollectionCell.swift in Sources */ = {isa = PBXBuildFile; fileRef = 53129D141FCD7EAD0009AB66 /* CollectionCell.swift */; };
		5324DAEA1FCD8983007D366E /* ProductsViewController.swift in Sources */ = {isa = PBXBuildFile; fileRef = 53129D181FCD7ED70009AB66 /* ProductsViewController.swift */; };
		5324DAEB1FCD8983007D366E /* ProductDetailsViewController.swift in Sources */ = {isa = PBXBuildFile; fileRef = 53129D1F1FCD7F150009AB66 /* ProductDetailsViewController.swift */; };
		5324DAEC1FCD8983007D366E /* ProductHeaderCell.swift in Sources */ = {isa = PBXBuildFile; fileRef = 53129D1B1FCD7EFC0009AB66 /* ProductHeaderCell.swift */; };
		5324DAED1FCD8983007D366E /* ProductDetailsCell.swift in Sources */ = {isa = PBXBuildFile; fileRef = 53129D1E1FCD7F070009AB66 /* ProductDetailsCell.swift */; };
		5324DAFF1FCD8C3F007D366E /* Serializable.swift in Sources */ = {isa = PBXBuildFile; fileRef = 5324DAFC1FCD8C35007D366E /* Serializable.swift */; };
		5324DB001FCD8C3F007D366E /* ViewModelConfigurable.swift in Sources */ = {isa = PBXBuildFile; fileRef = 5324DAFD1FCD8C35007D366E /* ViewModelConfigurable.swift */; };
		5324DB011FCD8C3F007D366E /* ViewModeling.swift in Sources */ = {isa = PBXBuildFile; fileRef = 5324DAFB1FCD8C34007D366E /* ViewModeling.swift */; };
		5324DB041FCD8D54007D366E /* ProductViewModel.swift in Sources */ = {isa = PBXBuildFile; fileRef = 5324DB031FCD8D4A007D366E /* ProductViewModel.swift */; };
		5324DB081FCD8DAD007D366E /* PaginatedArray.swift in Sources */ = {isa = PBXBuildFile; fileRef = 5324DB071FCD8DAD007D366E /* PaginatedArray.swift */; };
		5324DB0A1FCD8DCA007D366E /* ImageViewModel.swift in Sources */ = {isa = PBXBuildFile; fileRef = 5324DB091FCD8DCA007D366E /* ImageViewModel.swift */; };
		5324DB0C1FCD8DDC007D366E /* VariantViewModel.swift in Sources */ = {isa = PBXBuildFile; fileRef = 5324DB0B1FCD8DDB007D366E /* VariantViewModel.swift */; };
		5324DB101FCD8EEC007D366E /* CollectionViewModel.swift in Sources */ = {isa = PBXBuildFile; fileRef = 5324DB0F1FCD8EEC007D366E /* CollectionViewModel.swift */; };
		5324DB121FCD8F27007D366E /* ViewModel.swift in Sources */ = {isa = PBXBuildFile; fileRef = 5324DB111FCD8F26007D366E /* ViewModel.swift */; };
		5324DB141FCD8FA0007D366E /* CartItemViewModel.swift in Sources */ = {isa = PBXBuildFile; fileRef = 5324DB131FCD8FA0007D366E /* CartItemViewModel.swift */; };
		5324DB161FCD8FDC007D366E /* CartItem.swift in Sources */ = {isa = PBXBuildFile; fileRef = 5324DB151FCD8FDB007D366E /* CartItem.swift */; };
		5324DB181FCD8FE3007D366E /* CartController.swift in Sources */ = {isa = PBXBuildFile; fileRef = 5324DB171FCD8FE3007D366E /* CartController.swift */; };
		5324DB2B1FCD909A007D366E /* Client.swift in Sources */ = {isa = PBXBuildFile; fileRef = 5324DB211FCD9043007D366E /* Client.swift */; };
		5324DB2C1FCD909A007D366E /* ClientQuery.swift in Sources */ = {isa = PBXBuildFile; fileRef = 5324DB221FCD9043007D366E /* ClientQuery.swift */; };
		5324DB2D1FCD909A007D366E /* GraphQL+Serializable.swift in Sources */ = {isa = PBXBuildFile; fileRef = 5324DB251FCD9061007D366E /* GraphQL+Serializable.swift */; };
		5324DB2E1FCD909A007D366E /* Fragment+CheckoutQuery.swift in Sources */ = {isa = PBXBuildFile; fileRef = 5324DB291FCD906E007D366E /* Fragment+CheckoutQuery.swift */; };
		5324DB2F1FCD909A007D366E /* Fragment+ImageConnectionQuery.swift in Sources */ = {isa = PBXBuildFile; fileRef = 5324DB271FCD906D007D366E /* Fragment+ImageConnectionQuery.swift */; };
		5324DB301FCD909A007D366E /* Fragment+PaymentQuery.swift in Sources */ = {isa = PBXBuildFile; fileRef = 5324DB261FCD906D007D366E /* Fragment+PaymentQuery.swift */; };
		5324DB311FCD909A007D366E /* Fragment+ProductConnectionQuery.swift in Sources */ = {isa = PBXBuildFile; fileRef = 5324DB281FCD906E007D366E /* Fragment+ProductConnectionQuery.swift */; };
		5324DB321FCD909A007D366E /* Fragment+VariantConnectionQuery.swift in Sources */ = {isa = PBXBuildFile; fileRef = 5324DB2A1FCD906F007D366E /* Fragment+VariantConnectionQuery.swift */; };
		5324DB331FCD909A007D366E /* AddressViewModel.swift in Sources */ = {isa = PBXBuildFile; fileRef = 5324DB1C1FCD9014007D366E /* AddressViewModel.swift */; };
		5324DB341FCD909A007D366E /* CheckoutViewModel.swift in Sources */ = {isa = PBXBuildFile; fileRef = 5324DB1F1FCD9015007D366E /* CheckoutViewModel.swift */; };
		5324DB351FCD909A007D366E /* CreditCardViewModel.swift in Sources */ = {isa = PBXBuildFile; fileRef = 5324DB1A1FCD9014007D366E /* CreditCardViewModel.swift */; };
		5324DB361FCD909A007D366E /* LineItemViewModel.swift in Sources */ = {isa = PBXBuildFile; fileRef = 5324DB1B1FCD9014007D366E /* LineItemViewModel.swift */; };
		5324DB371FCD909A007D366E /* PaymentViewModel.swift in Sources */ = {isa = PBXBuildFile; fileRef = 5324DB1E1FCD9015007D366E /* PaymentViewModel.swift */; };
		5324DB381FCD909A007D366E /* ShippingRateViewModel.swift in Sources */ = {isa = PBXBuildFile; fileRef = 5324DB1D1FCD9015007D366E /* ShippingRateViewModel.swift */; };
		5324DB441FCD9130007D366E /* UICollectionView+Touch.swift in Sources */ = {isa = PBXBuildFile; fileRef = 5324DB3F1FCD9125007D366E /* UICollectionView+Touch.swift */; };
		5324DB451FCD9130007D366E /* UIImageView+Remote.swift in Sources */ = {isa = PBXBuildFile; fileRef = 5324DB411FCD9125007D366E /* UIImageView+Remote.swift */; };
		5324DB461FCD9130007D366E /* NSObject+Name.swift in Sources */ = {isa = PBXBuildFile; fileRef = 5324DB401FCD9125007D366E /* NSObject+Name.swift */; };
		5324DB471FCD9130007D366E /* Storyboard+ViewController.swift in Sources */ = {isa = PBXBuildFile; fileRef = 5324DB421FCD9126007D366E /* Storyboard+ViewController.swift */; };
		5324DB481FCD9130007D366E /* String+HTML.swift in Sources */ = {isa = PBXBuildFile; fileRef = 5324DB431FCD9126007D366E /* String+HTML.swift */; };
		5324DB4D1FCD9664007D366E /* AddressViewModel+PayAddress.swift in Sources */ = {isa = PBXBuildFile; fileRef = 5324DB4C1FCD9654007D366E /* AddressViewModel+PayAddress.swift */; };
		5324DB4E1FCD9664007D366E /* CheckoutViewModel+PayCheckout.swift in Sources */ = {isa = PBXBuildFile; fileRef = 5324DB4A1FCD9654007D366E /* CheckoutViewModel+PayCheckout.swift */; };
		5324DB4F1FCD9664007D366E /* ShippingRateViewModel+PayShippingRate.swift in Sources */ = {isa = PBXBuildFile; fileRef = 5324DB4B1FCD9654007D366E /* ShippingRateViewModel+PayShippingRate.swift */; };
		535522B91F4EEB1100D0AE05 /* OptionSelectionViewController.swift in Sources */ = {isa = PBXBuildFile; fileRef = 535522B81F4EEB1100D0AE05 /* OptionSelectionViewController.swift */; };
		5357933A1F56AF5100F28DC5 /* AddContactTableViewCell.xib in Resources */ = {isa = PBXBuildFile; fileRef = 535793381F56AF5100F28DC5 /* AddContactTableViewCell.xib */; };
		53590D4D1F4C129D001F414A /* MyDevicesTableViewCell.swift in Sources */ = {isa = PBXBuildFile; fileRef = 53590D4B1F4C129D001F414A /* MyDevicesTableViewCell.swift */; };
		53590D4E1F4C129D001F414A /* MyDevicesTableViewCell.xib in Resources */ = {isa = PBXBuildFile; fileRef = 53590D4C1F4C129D001F414A /* MyDevicesTableViewCell.xib */; };
		53590D501F4C3EC5001F414A /* UserRequestManager.swift in Sources */ = {isa = PBXBuildFile; fileRef = 53590D4F1F4C3EC5001F414A /* UserRequestManager.swift */; };
		53590D521F4C3F30001F414A /* UserRequest.swift in Sources */ = {isa = PBXBuildFile; fileRef = 53590D511F4C3F30001F414A /* UserRequest.swift */; };
		53590D541F4C4164001F414A /* UserInterface.swift in Sources */ = {isa = PBXBuildFile; fileRef = 53590D531F4C4164001F414A /* UserInterface.swift */; };
		536656A41F4AE386003A5E71 /* NotificationBannerSwift.framework in Frameworks */ = {isa = PBXBuildFile; fileRef = 536656A31F4AE386003A5E71 /* NotificationBannerSwift.framework */; };
		536656A61F4AE39F003A5E71 /* SnapKit.framework in Frameworks */ = {isa = PBXBuildFile; fileRef = 536656A51F4AE39F003A5E71 /* SnapKit.framework */; };
		536656A81F4AE3A6003A5E71 /* MarqueeLabel.framework in Frameworks */ = {isa = PBXBuildFile; fileRef = 536656A71F4AE3A6003A5E71 /* MarqueeLabel.framework */; };
		536656AA1F4AE3B8003A5E71 /* Banner.swift in Sources */ = {isa = PBXBuildFile; fileRef = 536656A91F4AE3B8003A5E71 /* Banner.swift */; };
		538650461F584473000B454E /* AlarmConfigViewController.swift in Sources */ = {isa = PBXBuildFile; fileRef = 538650451F584473000B454E /* AlarmConfigViewController.swift */; };
		538AA73E1F55A9C6004559EC /* ServiceProvider.swift in Sources */ = {isa = PBXBuildFile; fileRef = 538AA73D1F55A9C6004559EC /* ServiceProvider.swift */; };
		539671621F6BC0B500892132 /* DeviceDetailViewController.swift in Sources */ = {isa = PBXBuildFile; fileRef = 539671611F6BC0B500892132 /* DeviceDetailViewController.swift */; };
		5397E7691F4D82710060F3C7 /* ClaimDeviceViewController.swift in Sources */ = {isa = PBXBuildFile; fileRef = 5397E7651F4D82710060F3C7 /* ClaimDeviceViewController.swift */; };
		5397E76A1F4D82710060F3C7 /* MyDevicesViewController.swift in Sources */ = {isa = PBXBuildFile; fileRef = 5397E7671F4D82710060F3C7 /* MyDevicesViewController.swift */; };
		5397E76C1F4D8EB70060F3C7 /* NotificationsViewController.swift in Sources */ = {isa = PBXBuildFile; fileRef = 5397E76B1F4D8EB70060F3C7 /* NotificationsViewController.swift */; };
		5397E76E1F4D8EC90060F3C7 /* PersonalInfoViewController.swift in Sources */ = {isa = PBXBuildFile; fileRef = 5397E76D1F4D8EC90060F3C7 /* PersonalInfoViewController.swift */; };
		539B69EA1F516BD4009CF09D /* NotificationsTableViewCell.swift in Sources */ = {isa = PBXBuildFile; fileRef = 539B69E81F516BD4009CF09D /* NotificationsTableViewCell.swift */; };
		539B69EB1F516BD4009CF09D /* NotificationsTableViewCell.xib in Resources */ = {isa = PBXBuildFile; fileRef = 539B69E91F516BD4009CF09D /* NotificationsTableViewCell.xib */; };
		539DE35E1FCC0CD700A2906C /* CartTableViewCell.swift in Sources */ = {isa = PBXBuildFile; fileRef = 539DE35C1FCC0CD700A2906C /* CartTableViewCell.swift */; };
		539DE35F1FCC0CD800A2906C /* CartTableViewCell.xib in Resources */ = {isa = PBXBuildFile; fileRef = 539DE35D1FCC0CD700A2906C /* CartTableViewCell.xib */; };
		539DEDD81F542A5F00662521 /* ContactRequestManager.swift in Sources */ = {isa = PBXBuildFile; fileRef = 539DEDD71F542A5F00662521 /* ContactRequestManager.swift */; };
		539DEDDA1F542AD700662521 /* Contact.swift in Sources */ = {isa = PBXBuildFile; fileRef = 539DEDD91F542AD700662521 /* Contact.swift */; };
		539DEDDC1F542D5000662521 /* ContactInterface.swift in Sources */ = {isa = PBXBuildFile; fileRef = 539DEDDB1F542D5000662521 /* ContactInterface.swift */; };
		539DEDDE1F542D7F00662521 /* ContactRequest.swift in Sources */ = {isa = PBXBuildFile; fileRef = 539DEDDD1F542D7F00662521 /* ContactRequest.swift */; };
		53A0AA1E1F5FDA7E00570A6A /* GraphViewController.swift in Sources */ = {isa = PBXBuildFile; fileRef = 53A0AA1D1F5FDA7E00570A6A /* GraphViewController.swift */; };
		53A2A94F1F76531E0058767A /* DeviceLog.swift in Sources */ = {isa = PBXBuildFile; fileRef = 53A2A94E1F76531E0058767A /* DeviceLog.swift */; };
		53A2A9511F765C2D0058767A /* AlarmLogViewController.swift in Sources */ = {isa = PBXBuildFile; fileRef = 53A2A9501F765C2D0058767A /* AlarmLogViewController.swift */; };
		53A2A9541F76675B0058767A /* AlarmLogTableViewCell.swift in Sources */ = {isa = PBXBuildFile; fileRef = 53A2A9521F76675B0058767A /* AlarmLogTableViewCell.swift */; };
		53A2A9551F76675B0058767A /* AlarmLogTableViewCell.xib in Resources */ = {isa = PBXBuildFile; fileRef = 53A2A9531F76675B0058767A /* AlarmLogTableViewCell.xib */; };
		53B2750E1FC6AA9800823A1D /* MyProductsViewController.swift in Sources */ = {isa = PBXBuildFile; fileRef = 53B2750D1FC6AA9800823A1D /* MyProductsViewController.swift */; };
		53B275111FC6ADE300823A1D /* ProductsTableViewCell.swift in Sources */ = {isa = PBXBuildFile; fileRef = 53B2750F1FC6ADE300823A1D /* ProductsTableViewCell.swift */; };
		53B275121FC6ADE300823A1D /* ProductsTableViewCell.xib in Resources */ = {isa = PBXBuildFile; fileRef = 53B275101FC6ADE300823A1D /* ProductsTableViewCell.xib */; };
		53B275141FC6B12D00823A1D /* Product.swift in Sources */ = {isa = PBXBuildFile; fileRef = 53B275131FC6B12D00823A1D /* Product.swift */; };
		53B275161FC6C60200823A1D /* ProductDetailViewController.swift in Sources */ = {isa = PBXBuildFile; fileRef = 53B275151FC6C60200823A1D /* ProductDetailViewController.swift */; };
		53BC17CE1F5D484A00E78F7D /* UIBezierPath+Interpolation.m in Sources */ = {isa = PBXBuildFile; fileRef = 53BC17CD1F5D484A00E78F7D /* UIBezierPath+Interpolation.m */; };
		53BC17D11F5D48B900E78F7D /* CGPointExtension.m in Sources */ = {isa = PBXBuildFile; fileRef = 53BC17D01F5D48B900E78F7D /* CGPointExtension.m */; };
		53BC17D31F5D555700E78F7D /* LineGraphLayer.swift in Sources */ = {isa = PBXBuildFile; fileRef = 53BC17D21F5D555700E78F7D /* LineGraphLayer.swift */; };
		53C584481FC7F7930028BDFB /* MyCartViewController.swift in Sources */ = {isa = PBXBuildFile; fileRef = 53C584471FC7F7930028BDFB /* MyCartViewController.swift */; };
		53C5844B1FC835E90028BDFB /* extensions.swift in Sources */ = {isa = PBXBuildFile; fileRef = 53C5844A1FC835E90028BDFB /* extensions.swift */; };
		53C5844D1FC835F50028BDFB /* KeychainPasswordItem.swift in Sources */ = {isa = PBXBuildFile; fileRef = 53C5844C1FC835F40028BDFB /* KeychainPasswordItem.swift */; };
		53CDD6791F4B0B580003F166 /* NVActivityIndicatorView.framework in Frameworks */ = {isa = PBXBuildFile; fileRef = 53CDD6781F4B0B580003F166 /* NVActivityIndicatorView.framework */; };
		53CF87371FCDA010009D7CF4 /* CartCell.xib in Resources */ = {isa = PBXBuildFile; fileRef = 53129D231FCD7F4B0009AB66 /* CartCell.xib */; };
		53CF87381FCDA010009D7CF4 /* ProductCell.xib in Resources */ = {isa = PBXBuildFile; fileRef = 53129D121FCD7E9E0009AB66 /* ProductCell.xib */; };
		53CF87391FCDA010009D7CF4 /* CollectionCell.xib in Resources */ = {isa = PBXBuildFile; fileRef = 53129D151FCD7EAE0009AB66 /* CollectionCell.xib */; };
		53CF873A1FCDA010009D7CF4 /* ProductHeaderCell.xib in Resources */ = {isa = PBXBuildFile; fileRef = 53129D1C1FCD7EFC0009AB66 /* ProductHeaderCell.xib */; };
		53CF873B1FCDA010009D7CF4 /* ProductDetailsCell.xib in Resources */ = {isa = PBXBuildFile; fileRef = 53129D1D1FCD7F070009AB66 /* ProductDetailsCell.xib */; };
		7D5CD34E198412BBCCA56C63 /* Pods_LevelSense.framework in Frameworks */ = {isa = PBXBuildFile; fileRef = E033AA869FE6722239659C82 /* Pods_LevelSense.framework */; };
		F19DAE5F1F3DB03D007F14FF /* AppDelegate.swift in Sources */ = {isa = PBXBuildFile; fileRef = F19DAE5E1F3DB03D007F14FF /* AppDelegate.swift */; };
		F19DAE671F3DB03D007F14FF /* LevelSense.xcdatamodeld in Sources */ = {isa = PBXBuildFile; fileRef = F19DAE651F3DB03D007F14FF /* LevelSense.xcdatamodeld */; };
		F19DAE691F3DB03D007F14FF /* Assets.xcassets in Resources */ = {isa = PBXBuildFile; fileRef = F19DAE681F3DB03D007F14FF /* Assets.xcassets */; };
		F19DAE761F3DCCBB007F14FF /* Reachability.swift in Sources */ = {isa = PBXBuildFile; fileRef = F19DAE751F3DCCBB007F14FF /* Reachability.swift */; };
		F19DAE791F3DD14A007F14FF /* LoginRequestManager.swift in Sources */ = {isa = PBXBuildFile; fileRef = F19DAE781F3DD14A007F14FF /* LoginRequestManager.swift */; };
		F19DAE7D1F3DD1C3007F14FF /* Request.swift in Sources */ = {isa = PBXBuildFile; fileRef = F19DAE7C1F3DD1C3007F14FF /* Request.swift */; };
		F19DAE7F1F3DD1F4007F14FF /* LoginInterface.swift in Sources */ = {isa = PBXBuildFile; fileRef = F19DAE7E1F3DD1F4007F14FF /* LoginInterface.swift */; };
		F19DAE811F3DD316007F14FF /* Constant.swift in Sources */ = {isa = PBXBuildFile; fileRef = F19DAE801F3DD316007F14FF /* Constant.swift */; };
		F19DAE831F3DD3BC007F14FF /* LoginRequest.swift in Sources */ = {isa = PBXBuildFile; fileRef = F19DAE821F3DD3BC007F14FF /* LoginRequest.swift */; };
		F19DAE851F3DD46C007F14FF /* Interface.swift in Sources */ = {isa = PBXBuildFile; fileRef = F19DAE841F3DD46C007F14FF /* Interface.swift */; };
		F19DAE871F3DD846007F14FF /* RealAPI.swift in Sources */ = {isa = PBXBuildFile; fileRef = F19DAE861F3DD846007F14FF /* RealAPI.swift */; };
		F19DAE891F3DD8D0007F14FF /* NetworkHttpClient.swift in Sources */ = {isa = PBXBuildFile; fileRef = F19DAE881F3DD8D0007F14FF /* NetworkHttpClient.swift */; };
		F19DAE8C1F3ECC1E007F14FF /* User.swift in Sources */ = {isa = PBXBuildFile; fileRef = F19DAE8B1F3ECC1E007F14FF /* User.swift */; };
/* End PBXBuildFile section */

/* Begin PBXContainerItemProxy section */
		530A67C91FCD6CB400B2A5C5 /* PBXContainerItemProxy */ = {
			isa = PBXContainerItemProxy;
			containerPortal = 530A67BF1FCD6CB400B2A5C5 /* Buy.xcodeproj */;
			proxyType = 2;
			remoteGlobalIDString = 9AEF60F31E5F42D90067FA90;
			remoteInfo = Buy;
		};
		530A67CB1FCD6CB400B2A5C5 /* PBXContainerItemProxy */ = {
			isa = PBXContainerItemProxy;
			containerPortal = 530A67BF1FCD6CB400B2A5C5 /* Buy.xcodeproj */;
			proxyType = 2;
			remoteGlobalIDString = 9AC2EFC81F6818180037E0D7;
			remoteInfo = "Buy watchOS";
		};
		530A67CD1FCD6CB400B2A5C5 /* PBXContainerItemProxy */ = {
			isa = PBXContainerItemProxy;
			containerPortal = 530A67BF1FCD6CB400B2A5C5 /* Buy.xcodeproj */;
			proxyType = 2;
			remoteGlobalIDString = 9AF256421F6FEE50005BB0C9;
			remoteInfo = "Buy tvOS";
		};
		530A67CF1FCD6CB400B2A5C5 /* PBXContainerItemProxy */ = {
			isa = PBXContainerItemProxy;
			containerPortal = 530A67BF1FCD6CB400B2A5C5 /* Buy.xcodeproj */;
			proxyType = 2;
			remoteGlobalIDString = 9A4068DC1E8E7658000254CD;
			remoteInfo = Pay;
		};
		530A67D11FCD6CB400B2A5C5 /* PBXContainerItemProxy */ = {
			isa = PBXContainerItemProxy;
			containerPortal = 530A67BF1FCD6CB400B2A5C5 /* Buy.xcodeproj */;
			proxyType = 2;
			remoteGlobalIDString = 9AFA38EA1E64850A0056C5AA;
			remoteInfo = BuyTests;
		};
		530A67D31FCD6CB400B2A5C5 /* PBXContainerItemProxy */ = {
			isa = PBXContainerItemProxy;
			containerPortal = 530A67BF1FCD6CB400B2A5C5 /* Buy.xcodeproj */;
			proxyType = 2;
			remoteGlobalIDString = 9A4068E41E8E7659000254CD;
			remoteInfo = PayTests;
		};
		530A67D51FCD6CDC00B2A5C5 /* PBXContainerItemProxy */ = {
			isa = PBXContainerItemProxy;
			containerPortal = 530A67BF1FCD6CB400B2A5C5 /* Buy.xcodeproj */;
			proxyType = 1;
			remoteGlobalIDString = 9AEF60F21E5F42D90067FA90;
			remoteInfo = Buy;
		};
		530A67DD1FCD709100B2A5C5 /* PBXContainerItemProxy */ = {
			isa = PBXContainerItemProxy;
			containerPortal = 530A67BF1FCD6CB400B2A5C5 /* Buy.xcodeproj */;
			proxyType = 1;
			remoteGlobalIDString = 9A4068DB1E8E7658000254CD;
			remoteInfo = Pay;
		};
/* End PBXContainerItemProxy section */

/* Begin PBXCopyFilesBuildPhase section */
		530A67D81FCD704E00B2A5C5 /* CopyFiles */ = {
			isa = PBXCopyFilesBuildPhase;
			buildActionMask = 2147483647;
			dstPath = "";
			dstSubfolderSpec = 10;
			files = (
				530A67D91FCD707800B2A5C5 /* Buy.framework in CopyFiles */,
				530A67DC1FCD707800B2A5C5 /* Pay.framework in CopyFiles */,
			);
			runOnlyForDeploymentPostprocessing = 0;
		};
/* End PBXCopyFilesBuildPhase section */

/* Begin PBXFileReference section */
		2A60C1BD1F45D29F003F4C9B /* Base */ = {isa = PBXFileReference; lastKnownFileType = file.storyboard; name = Base; path = Base.lproj/Main.storyboard; sourceTree = "<group>"; };
		2A6D2AE61F46FDDD00C98631 /* LoginViewController.swift */ = {isa = PBXFileReference; fileEncoding = 4; lastKnownFileType = sourcecode.swift; path = LoginViewController.swift; sourceTree = "<group>"; };
		2A6D2AE81F46FDF600C98631 /* MenuViewController.swift */ = {isa = PBXFileReference; fileEncoding = 4; lastKnownFileType = sourcecode.swift; path = MenuViewController.swift; sourceTree = "<group>"; };
		2A6D2AEB1F47014700C98631 /* LSViewController.swift */ = {isa = PBXFileReference; fileEncoding = 4; lastKnownFileType = sourcecode.swift; path = LSViewController.swift; sourceTree = "<group>"; };
		2A6D2AF41F47080500C98631 /* LevelSense-Bridging-Header.h */ = {isa = PBXFileReference; lastKnownFileType = sourcecode.c.h; path = "LevelSense-Bridging-Header.h"; sourceTree = "<group>"; };
		2A6D2AF51F47080500C98631 /* SWRevealViewController.h */ = {isa = PBXFileReference; fileEncoding = 4; lastKnownFileType = sourcecode.c.h; path = SWRevealViewController.h; sourceTree = "<group>"; };
		2A6D2AF61F47080500C98631 /* SWRevealViewController.m */ = {isa = PBXFileReference; fileEncoding = 4; lastKnownFileType = sourcecode.c.objc; path = SWRevealViewController.m; sourceTree = "<group>"; };
		2A6D2AF81F47232400C98631 /* MenuTableViewCell.swift */ = {isa = PBXFileReference; fileEncoding = 4; lastKnownFileType = sourcecode.swift; path = MenuTableViewCell.swift; sourceTree = "<group>"; };
		2A6D2AF91F47232400C98631 /* MenuTableViewCell.xib */ = {isa = PBXFileReference; fileEncoding = 4; lastKnownFileType = file.xib; path = MenuTableViewCell.xib; sourceTree = "<group>"; };
		2A7C55E41F46D8BC00A3CD91 /* Base */ = {isa = PBXFileReference; lastKnownFileType = file.storyboard; name = Base; path = Base.lproj/LaunchScreen.storyboard; sourceTree = "<group>"; };
		530A67BF1FCD6CB400B2A5C5 /* Buy.xcodeproj */ = {isa = PBXFileReference; lastKnownFileType = "wrapper.pb-project"; name = Buy.xcodeproj; path = "mobile-buy-sdk-ios/Buy.xcodeproj"; sourceTree = SOURCE_ROOT; };
		530D61741F4C6DB300AB583F /* Device.swift */ = {isa = PBXFileReference; fileEncoding = 4; lastKnownFileType = sourcecode.swift; path = Device.swift; sourceTree = "<group>"; };
		53129CBC1FCD7B5A0009AB66 /* Base */ = {isa = PBXFileReference; lastKnownFileType = file.storyboard; name = Base; path = Base.lproj/Payment.storyboard; sourceTree = "<group>"; };
		53129D121FCD7E9E0009AB66 /* ProductCell.xib */ = {isa = PBXFileReference; lastKnownFileType = file.xib; path = ProductCell.xib; sourceTree = "<group>"; };
		53129D131FCD7E9E0009AB66 /* ProductCell.swift */ = {isa = PBXFileReference; lastKnownFileType = sourcecode.swift; path = ProductCell.swift; sourceTree = "<group>"; };
		53129D141FCD7EAD0009AB66 /* CollectionCell.swift */ = {isa = PBXFileReference; lastKnownFileType = sourcecode.swift; path = CollectionCell.swift; sourceTree = "<group>"; };
		53129D151FCD7EAE0009AB66 /* CollectionCell.xib */ = {isa = PBXFileReference; lastKnownFileType = file.xib; path = CollectionCell.xib; sourceTree = "<group>"; };
		53129D161FCD7EB70009AB66 /* CollectionsViewController.swift */ = {isa = PBXFileReference; lastKnownFileType = sourcecode.swift; path = CollectionsViewController.swift; sourceTree = "<group>"; };
		53129D181FCD7ED70009AB66 /* ProductsViewController.swift */ = {isa = PBXFileReference; lastKnownFileType = sourcecode.swift; path = ProductsViewController.swift; sourceTree = "<group>"; };
		53129D1B1FCD7EFC0009AB66 /* ProductHeaderCell.swift */ = {isa = PBXFileReference; lastKnownFileType = sourcecode.swift; path = ProductHeaderCell.swift; sourceTree = "<group>"; };
		53129D1C1FCD7EFC0009AB66 /* ProductHeaderCell.xib */ = {isa = PBXFileReference; lastKnownFileType = file.xib; path = ProductHeaderCell.xib; sourceTree = "<group>"; };
		53129D1D1FCD7F070009AB66 /* ProductDetailsCell.xib */ = {isa = PBXFileReference; lastKnownFileType = file.xib; path = ProductDetailsCell.xib; sourceTree = "<group>"; };
		53129D1E1FCD7F070009AB66 /* ProductDetailsCell.swift */ = {isa = PBXFileReference; lastKnownFileType = sourcecode.swift; path = ProductDetailsCell.swift; sourceTree = "<group>"; };
		53129D1F1FCD7F150009AB66 /* ProductDetailsViewController.swift */ = {isa = PBXFileReference; lastKnownFileType = sourcecode.swift; path = ProductDetailsViewController.swift; sourceTree = "<group>"; };
		53129D221FCD7F4A0009AB66 /* CartCell.swift */ = {isa = PBXFileReference; lastKnownFileType = sourcecode.swift; path = CartCell.swift; sourceTree = "<group>"; };
		53129D231FCD7F4B0009AB66 /* CartCell.xib */ = {isa = PBXFileReference; lastKnownFileType = file.xib; path = CartCell.xib; sourceTree = "<group>"; };
		53129D241FCD7F560009AB66 /* CartViewController.swift */ = {isa = PBXFileReference; lastKnownFileType = sourcecode.swift; path = CartViewController.swift; sourceTree = "<group>"; };
		53129D251FCD7F600009AB66 /* CartNavigationController.swift */ = {isa = PBXFileReference; lastKnownFileType = sourcecode.swift; path = CartNavigationController.swift; sourceTree = "<group>"; };
		53129D261FCD7F690009AB66 /* TotalsViewController.swift */ = {isa = PBXFileReference; lastKnownFileType = sourcecode.swift; path = TotalsViewController.swift; sourceTree = "<group>"; };
		53129D281FCD7FF40009AB66 /* Color.swift */ = {isa = PBXFileReference; lastKnownFileType = sourcecode.swift; path = Color.swift; sourceTree = "<group>"; };
		53129D291FCD80010009AB66 /* SelectableCell.swift */ = {isa = PBXFileReference; lastKnownFileType = sourcecode.swift; path = SelectableCell.swift; sourceTree = "<group>"; };
		53129D2B1FCD803A0009AB66 /* CartButton.swift */ = {isa = PBXFileReference; lastKnownFileType = sourcecode.swift; path = CartButton.swift; sourceTree = "<group>"; };
		53129D2C1FCD803B0009AB66 /* RoundedButton.swift */ = {isa = PBXFileReference; lastKnownFileType = sourcecode.swift; path = RoundedButton.swift; sourceTree = "<group>"; };
		53129D2D1FCD803B0009AB66 /* SubtitleButton.swift */ = {isa = PBXFileReference; lastKnownFileType = sourcecode.swift; path = SubtitleButton.swift; sourceTree = "<group>"; };
		53129D2F1FCD82840009AB66 /* StorefrontTableView.swift */ = {isa = PBXFileReference; lastKnownFileType = sourcecode.swift; path = StorefrontTableView.swift; sourceTree = "<group>"; };
		53129D301FCD82850009AB66 /* StorefrontCollectionView.swift */ = {isa = PBXFileReference; lastKnownFileType = sourcecode.swift; path = StorefrontCollectionView.swift; sourceTree = "<group>"; };
		53129D311FCD82850009AB66 /* Paginating.swift */ = {isa = PBXFileReference; lastKnownFileType = sourcecode.swift; path = Paginating.swift; sourceTree = "<group>"; };
		53129D321FCD82AF0009AB66 /* SeparatorView.swift */ = {isa = PBXFileReference; lastKnownFileType = sourcecode.swift; path = SeparatorView.swift; sourceTree = "<group>"; };
		53129D331FCD82B10009AB66 /* ParallaxViewController.swift */ = {isa = PBXFileReference; lastKnownFileType = sourcecode.swift; path = ParallaxViewController.swift; sourceTree = "<group>"; };
		53129D341FCD82B10009AB66 /* ImageViewController.swift */ = {isa = PBXFileReference; lastKnownFileType = sourcecode.swift; path = ImageViewController.swift; sourceTree = "<group>"; };
		53129D351FCD836C0009AB66 /* Currency.swift */ = {isa = PBXFileReference; lastKnownFileType = sourcecode.swift; path = Currency.swift; sourceTree = "<group>"; };
		5324DAFB1FCD8C34007D366E /* ViewModeling.swift */ = {isa = PBXFileReference; lastKnownFileType = sourcecode.swift; path = ViewModeling.swift; sourceTree = "<group>"; };
		5324DAFC1FCD8C35007D366E /* Serializable.swift */ = {isa = PBXFileReference; lastKnownFileType = sourcecode.swift; path = Serializable.swift; sourceTree = "<group>"; };
		5324DAFD1FCD8C35007D366E /* ViewModelConfigurable.swift */ = {isa = PBXFileReference; lastKnownFileType = sourcecode.swift; path = ViewModelConfigurable.swift; sourceTree = "<group>"; };
		5324DB031FCD8D4A007D366E /* ProductViewModel.swift */ = {isa = PBXFileReference; lastKnownFileType = sourcecode.swift; path = ProductViewModel.swift; sourceTree = "<group>"; };
		5324DB071FCD8DAD007D366E /* PaginatedArray.swift */ = {isa = PBXFileReference; lastKnownFileType = sourcecode.swift; path = PaginatedArray.swift; sourceTree = "<group>"; };
		5324DB091FCD8DCA007D366E /* ImageViewModel.swift */ = {isa = PBXFileReference; lastKnownFileType = sourcecode.swift; path = ImageViewModel.swift; sourceTree = "<group>"; };
		5324DB0B1FCD8DDB007D366E /* VariantViewModel.swift */ = {isa = PBXFileReference; lastKnownFileType = sourcecode.swift; path = VariantViewModel.swift; sourceTree = "<group>"; };
		5324DB0F1FCD8EEC007D366E /* CollectionViewModel.swift */ = {isa = PBXFileReference; lastKnownFileType = sourcecode.swift; path = CollectionViewModel.swift; sourceTree = "<group>"; };
		5324DB111FCD8F26007D366E /* ViewModel.swift */ = {isa = PBXFileReference; lastKnownFileType = sourcecode.swift; path = ViewModel.swift; sourceTree = "<group>"; };
		5324DB131FCD8FA0007D366E /* CartItemViewModel.swift */ = {isa = PBXFileReference; lastKnownFileType = sourcecode.swift; path = CartItemViewModel.swift; sourceTree = "<group>"; };
		5324DB151FCD8FDB007D366E /* CartItem.swift */ = {isa = PBXFileReference; lastKnownFileType = sourcecode.swift; path = CartItem.swift; sourceTree = "<group>"; };
		5324DB171FCD8FE3007D366E /* CartController.swift */ = {isa = PBXFileReference; lastKnownFileType = sourcecode.swift; path = CartController.swift; sourceTree = "<group>"; };
		5324DB1A1FCD9014007D366E /* CreditCardViewModel.swift */ = {isa = PBXFileReference; lastKnownFileType = sourcecode.swift; path = CreditCardViewModel.swift; sourceTree = "<group>"; };
		5324DB1B1FCD9014007D366E /* LineItemViewModel.swift */ = {isa = PBXFileReference; lastKnownFileType = sourcecode.swift; path = LineItemViewModel.swift; sourceTree = "<group>"; };
		5324DB1C1FCD9014007D366E /* AddressViewModel.swift */ = {isa = PBXFileReference; lastKnownFileType = sourcecode.swift; path = AddressViewModel.swift; sourceTree = "<group>"; };
		5324DB1D1FCD9015007D366E /* ShippingRateViewModel.swift */ = {isa = PBXFileReference; lastKnownFileType = sourcecode.swift; path = ShippingRateViewModel.swift; sourceTree = "<group>"; };
		5324DB1E1FCD9015007D366E /* PaymentViewModel.swift */ = {isa = PBXFileReference; lastKnownFileType = sourcecode.swift; path = PaymentViewModel.swift; sourceTree = "<group>"; };
		5324DB1F1FCD9015007D366E /* CheckoutViewModel.swift */ = {isa = PBXFileReference; lastKnownFileType = sourcecode.swift; path = CheckoutViewModel.swift; sourceTree = "<group>"; };
		5324DB211FCD9043007D366E /* Client.swift */ = {isa = PBXFileReference; lastKnownFileType = sourcecode.swift; path = Client.swift; sourceTree = "<group>"; };
		5324DB221FCD9043007D366E /* ClientQuery.swift */ = {isa = PBXFileReference; lastKnownFileType = sourcecode.swift; path = ClientQuery.swift; sourceTree = "<group>"; };
		5324DB251FCD9061007D366E /* GraphQL+Serializable.swift */ = {isa = PBXFileReference; lastKnownFileType = sourcecode.swift; path = "GraphQL+Serializable.swift"; sourceTree = "<group>"; };
		5324DB261FCD906D007D366E /* Fragment+PaymentQuery.swift */ = {isa = PBXFileReference; lastKnownFileType = sourcecode.swift; path = "Fragment+PaymentQuery.swift"; sourceTree = "<group>"; };
		5324DB271FCD906D007D366E /* Fragment+ImageConnectionQuery.swift */ = {isa = PBXFileReference; lastKnownFileType = sourcecode.swift; path = "Fragment+ImageConnectionQuery.swift"; sourceTree = "<group>"; };
		5324DB281FCD906E007D366E /* Fragment+ProductConnectionQuery.swift */ = {isa = PBXFileReference; lastKnownFileType = sourcecode.swift; path = "Fragment+ProductConnectionQuery.swift"; sourceTree = "<group>"; };
		5324DB291FCD906E007D366E /* Fragment+CheckoutQuery.swift */ = {isa = PBXFileReference; lastKnownFileType = sourcecode.swift; path = "Fragment+CheckoutQuery.swift"; sourceTree = "<group>"; };
		5324DB2A1FCD906F007D366E /* Fragment+VariantConnectionQuery.swift */ = {isa = PBXFileReference; lastKnownFileType = sourcecode.swift; path = "Fragment+VariantConnectionQuery.swift"; sourceTree = "<group>"; };
		5324DB3F1FCD9125007D366E /* UICollectionView+Touch.swift */ = {isa = PBXFileReference; lastKnownFileType = sourcecode.swift; path = "UICollectionView+Touch.swift"; sourceTree = "<group>"; };
		5324DB401FCD9125007D366E /* NSObject+Name.swift */ = {isa = PBXFileReference; lastKnownFileType = sourcecode.swift; path = "NSObject+Name.swift"; sourceTree = "<group>"; };
		5324DB411FCD9125007D366E /* UIImageView+Remote.swift */ = {isa = PBXFileReference; lastKnownFileType = sourcecode.swift; path = "UIImageView+Remote.swift"; sourceTree = "<group>"; };
		5324DB421FCD9126007D366E /* Storyboard+ViewController.swift */ = {isa = PBXFileReference; lastKnownFileType = sourcecode.swift; path = "Storyboard+ViewController.swift"; sourceTree = "<group>"; };
		5324DB431FCD9126007D366E /* String+HTML.swift */ = {isa = PBXFileReference; lastKnownFileType = sourcecode.swift; path = "String+HTML.swift"; sourceTree = "<group>"; };
		5324DB4A1FCD9654007D366E /* CheckoutViewModel+PayCheckout.swift */ = {isa = PBXFileReference; lastKnownFileType = sourcecode.swift; path = "CheckoutViewModel+PayCheckout.swift"; sourceTree = "<group>"; };
		5324DB4B1FCD9654007D366E /* ShippingRateViewModel+PayShippingRate.swift */ = {isa = PBXFileReference; lastKnownFileType = sourcecode.swift; path = "ShippingRateViewModel+PayShippingRate.swift"; sourceTree = "<group>"; };
		5324DB4C1FCD9654007D366E /* AddressViewModel+PayAddress.swift */ = {isa = PBXFileReference; lastKnownFileType = sourcecode.swift; path = "AddressViewModel+PayAddress.swift"; sourceTree = "<group>"; };
		535522B81F4EEB1100D0AE05 /* OptionSelectionViewController.swift */ = {isa = PBXFileReference; fileEncoding = 4; lastKnownFileType = sourcecode.swift; path = OptionSelectionViewController.swift; sourceTree = "<group>"; };
		535793381F56AF5100F28DC5 /* AddContactTableViewCell.xib */ = {isa = PBXFileReference; fileEncoding = 4; lastKnownFileType = file.xib; path = AddContactTableViewCell.xib; sourceTree = "<group>"; };
		53590D4B1F4C129D001F414A /* MyDevicesTableViewCell.swift */ = {isa = PBXFileReference; fileEncoding = 4; lastKnownFileType = sourcecode.swift; path = MyDevicesTableViewCell.swift; sourceTree = "<group>"; };
		53590D4C1F4C129D001F414A /* MyDevicesTableViewCell.xib */ = {isa = PBXFileReference; fileEncoding = 4; lastKnownFileType = file.xib; path = MyDevicesTableViewCell.xib; sourceTree = "<group>"; };
		53590D4F1F4C3EC5001F414A /* UserRequestManager.swift */ = {isa = PBXFileReference; fileEncoding = 4; lastKnownFileType = sourcecode.swift; path = UserRequestManager.swift; sourceTree = "<group>"; };
		53590D511F4C3F30001F414A /* UserRequest.swift */ = {isa = PBXFileReference; fileEncoding = 4; lastKnownFileType = sourcecode.swift; path = UserRequest.swift; sourceTree = "<group>"; };
		53590D531F4C4164001F414A /* UserInterface.swift */ = {isa = PBXFileReference; fileEncoding = 4; lastKnownFileType = sourcecode.swift; path = UserInterface.swift; sourceTree = "<group>"; };
		536656A31F4AE386003A5E71 /* NotificationBannerSwift.framework */ = {isa = PBXFileReference; lastKnownFileType = wrapper.framework; name = NotificationBannerSwift.framework; path = "../../../Library/Developer/Xcode/DerivedData/LevelSense-ausqfcluqjqatffdnlvmlgamwenn/Build/Products/Debug-iphonesimulator/NotificationBannerSwift/NotificationBannerSwift.framework"; sourceTree = "<group>"; };
		536656A51F4AE39F003A5E71 /* SnapKit.framework */ = {isa = PBXFileReference; lastKnownFileType = wrapper.framework; name = SnapKit.framework; path = "../../../Library/Developer/Xcode/DerivedData/LevelSense-ausqfcluqjqatffdnlvmlgamwenn/Build/Products/Debug-iphonesimulator/SnapKit/SnapKit.framework"; sourceTree = "<group>"; };
		536656A71F4AE3A6003A5E71 /* MarqueeLabel.framework */ = {isa = PBXFileReference; lastKnownFileType = wrapper.framework; name = MarqueeLabel.framework; path = "../../../Library/Developer/Xcode/DerivedData/LevelSense-ausqfcluqjqatffdnlvmlgamwenn/Build/Products/Debug-iphonesimulator/MarqueeLabel/MarqueeLabel.framework"; sourceTree = "<group>"; };
		536656A91F4AE3B8003A5E71 /* Banner.swift */ = {isa = PBXFileReference; fileEncoding = 4; lastKnownFileType = sourcecode.swift; path = Banner.swift; sourceTree = "<group>"; };
		538650451F584473000B454E /* AlarmConfigViewController.swift */ = {isa = PBXFileReference; fileEncoding = 4; lastKnownFileType = sourcecode.swift; path = AlarmConfigViewController.swift; sourceTree = "<group>"; };
		538AA73D1F55A9C6004559EC /* ServiceProvider.swift */ = {isa = PBXFileReference; fileEncoding = 4; lastKnownFileType = sourcecode.swift; path = ServiceProvider.swift; sourceTree = "<group>"; };
		539671611F6BC0B500892132 /* DeviceDetailViewController.swift */ = {isa = PBXFileReference; fileEncoding = 4; lastKnownFileType = sourcecode.swift; path = DeviceDetailViewController.swift; sourceTree = "<group>"; };
		5397E7651F4D82710060F3C7 /* ClaimDeviceViewController.swift */ = {isa = PBXFileReference; fileEncoding = 4; lastKnownFileType = sourcecode.swift; path = ClaimDeviceViewController.swift; sourceTree = "<group>"; };
		5397E7671F4D82710060F3C7 /* MyDevicesViewController.swift */ = {isa = PBXFileReference; fileEncoding = 4; lastKnownFileType = sourcecode.swift; path = MyDevicesViewController.swift; sourceTree = "<group>"; };
		5397E76B1F4D8EB70060F3C7 /* NotificationsViewController.swift */ = {isa = PBXFileReference; fileEncoding = 4; lastKnownFileType = sourcecode.swift; path = NotificationsViewController.swift; sourceTree = "<group>"; };
		5397E76D1F4D8EC90060F3C7 /* PersonalInfoViewController.swift */ = {isa = PBXFileReference; fileEncoding = 4; lastKnownFileType = sourcecode.swift; path = PersonalInfoViewController.swift; sourceTree = "<group>"; };
		539B69E81F516BD4009CF09D /* NotificationsTableViewCell.swift */ = {isa = PBXFileReference; fileEncoding = 4; lastKnownFileType = sourcecode.swift; path = NotificationsTableViewCell.swift; sourceTree = "<group>"; };
		539B69E91F516BD4009CF09D /* NotificationsTableViewCell.xib */ = {isa = PBXFileReference; fileEncoding = 4; lastKnownFileType = file.xib; path = NotificationsTableViewCell.xib; sourceTree = "<group>"; };
		539DE35C1FCC0CD700A2906C /* CartTableViewCell.swift */ = {isa = PBXFileReference; lastKnownFileType = sourcecode.swift; path = CartTableViewCell.swift; sourceTree = "<group>"; };
		539DE35D1FCC0CD700A2906C /* CartTableViewCell.xib */ = {isa = PBXFileReference; lastKnownFileType = file.xib; path = CartTableViewCell.xib; sourceTree = "<group>"; };
		539DEDD71F542A5F00662521 /* ContactRequestManager.swift */ = {isa = PBXFileReference; fileEncoding = 4; lastKnownFileType = sourcecode.swift; path = ContactRequestManager.swift; sourceTree = "<group>"; };
		539DEDD91F542AD700662521 /* Contact.swift */ = {isa = PBXFileReference; fileEncoding = 4; lastKnownFileType = sourcecode.swift; path = Contact.swift; sourceTree = "<group>"; };
		539DEDDB1F542D5000662521 /* ContactInterface.swift */ = {isa = PBXFileReference; fileEncoding = 4; lastKnownFileType = sourcecode.swift; path = ContactInterface.swift; sourceTree = "<group>"; };
		539DEDDD1F542D7F00662521 /* ContactRequest.swift */ = {isa = PBXFileReference; fileEncoding = 4; lastKnownFileType = sourcecode.swift; path = ContactRequest.swift; sourceTree = "<group>"; };
		53A0AA1D1F5FDA7E00570A6A /* GraphViewController.swift */ = {isa = PBXFileReference; fileEncoding = 4; lastKnownFileType = sourcecode.swift; path = GraphViewController.swift; sourceTree = "<group>"; };
		53A2A94E1F76531E0058767A /* DeviceLog.swift */ = {isa = PBXFileReference; fileEncoding = 4; lastKnownFileType = sourcecode.swift; path = DeviceLog.swift; sourceTree = "<group>"; };
		53A2A9501F765C2D0058767A /* AlarmLogViewController.swift */ = {isa = PBXFileReference; fileEncoding = 4; lastKnownFileType = sourcecode.swift; path = AlarmLogViewController.swift; sourceTree = "<group>"; };
		53A2A9521F76675B0058767A /* AlarmLogTableViewCell.swift */ = {isa = PBXFileReference; fileEncoding = 4; lastKnownFileType = sourcecode.swift; path = AlarmLogTableViewCell.swift; sourceTree = "<group>"; };
		53A2A9531F76675B0058767A /* AlarmLogTableViewCell.xib */ = {isa = PBXFileReference; fileEncoding = 4; lastKnownFileType = file.xib; path = AlarmLogTableViewCell.xib; sourceTree = "<group>"; };
		53B2750D1FC6AA9800823A1D /* MyProductsViewController.swift */ = {isa = PBXFileReference; lastKnownFileType = sourcecode.swift; path = MyProductsViewController.swift; sourceTree = "<group>"; };
		53B2750F1FC6ADE300823A1D /* ProductsTableViewCell.swift */ = {isa = PBXFileReference; lastKnownFileType = sourcecode.swift; path = ProductsTableViewCell.swift; sourceTree = "<group>"; };
		53B275101FC6ADE300823A1D /* ProductsTableViewCell.xib */ = {isa = PBXFileReference; lastKnownFileType = file.xib; path = ProductsTableViewCell.xib; sourceTree = "<group>"; };
		53B275131FC6B12D00823A1D /* Product.swift */ = {isa = PBXFileReference; lastKnownFileType = sourcecode.swift; path = Product.swift; sourceTree = "<group>"; };
		53B275151FC6C60200823A1D /* ProductDetailViewController.swift */ = {isa = PBXFileReference; lastKnownFileType = sourcecode.swift; path = ProductDetailViewController.swift; sourceTree = "<group>"; };
		53BC17CC1F5D484A00E78F7D /* UIBezierPath+Interpolation.h */ = {isa = PBXFileReference; fileEncoding = 4; lastKnownFileType = sourcecode.c.h; path = "UIBezierPath+Interpolation.h"; sourceTree = "<group>"; };
		53BC17CD1F5D484A00E78F7D /* UIBezierPath+Interpolation.m */ = {isa = PBXFileReference; fileEncoding = 4; lastKnownFileType = sourcecode.c.objc; path = "UIBezierPath+Interpolation.m"; sourceTree = "<group>"; };
		53BC17CF1F5D48B900E78F7D /* CGPointExtension.h */ = {isa = PBXFileReference; fileEncoding = 4; lastKnownFileType = sourcecode.c.h; path = CGPointExtension.h; sourceTree = "<group>"; };
		53BC17D01F5D48B900E78F7D /* CGPointExtension.m */ = {isa = PBXFileReference; fileEncoding = 4; lastKnownFileType = sourcecode.c.objc; path = CGPointExtension.m; sourceTree = "<group>"; };
		53BC17D21F5D555700E78F7D /* LineGraphLayer.swift */ = {isa = PBXFileReference; fileEncoding = 4; lastKnownFileType = sourcecode.swift; path = LineGraphLayer.swift; sourceTree = "<group>"; };
		53C584431FC7E7920028BDFB /* Level Sense.entitlements */ = {isa = PBXFileReference; lastKnownFileType = text.plist.entitlements; path = "Level Sense.entitlements"; sourceTree = "<group>"; };
		53C584471FC7F7930028BDFB /* MyCartViewController.swift */ = {isa = PBXFileReference; lastKnownFileType = sourcecode.swift; path = MyCartViewController.swift; sourceTree = "<group>"; };
		53C5844A1FC835E90028BDFB /* extensions.swift */ = {isa = PBXFileReference; fileEncoding = 4; lastKnownFileType = sourcecode.swift; path = extensions.swift; sourceTree = "<group>"; };
		53C5844C1FC835F40028BDFB /* KeychainPasswordItem.swift */ = {isa = PBXFileReference; lastKnownFileType = sourcecode.swift; path = KeychainPasswordItem.swift; sourceTree = "<group>"; };
		53CDD6781F4B0B580003F166 /* NVActivityIndicatorView.framework */ = {isa = PBXFileReference; lastKnownFileType = wrapper.framework; name = NVActivityIndicatorView.framework; path = "../../../Library/Developer/Xcode/DerivedData/LevelSense-ausqfcluqjqatffdnlvmlgamwenn/Build/Products/Debug-iphonesimulator/NVActivityIndicatorView/NVActivityIndicatorView.framework"; sourceTree = "<group>"; };
		BF33DE86EC820CBA73807160 /* Pods-LevelSense.release.xcconfig */ = {isa = PBXFileReference; includeInIndex = 1; lastKnownFileType = text.xcconfig; name = "Pods-LevelSense.release.xcconfig"; path = "Pods/Target Support Files/Pods-LevelSense/Pods-LevelSense.release.xcconfig"; sourceTree = "<group>"; };
		D466DC869107B76DD2C58A25 /* Pods-LevelSense.debug.xcconfig */ = {isa = PBXFileReference; includeInIndex = 1; lastKnownFileType = text.xcconfig; name = "Pods-LevelSense.debug.xcconfig"; path = "Pods/Target Support Files/Pods-LevelSense/Pods-LevelSense.debug.xcconfig"; sourceTree = "<group>"; };
		E033AA869FE6722239659C82 /* Pods_LevelSense.framework */ = {isa = PBXFileReference; explicitFileType = wrapper.framework; includeInIndex = 0; path = Pods_LevelSense.framework; sourceTree = BUILT_PRODUCTS_DIR; };
		F19DAE5B1F3DB03D007F14FF /* Level Sense.app */ = {isa = PBXFileReference; explicitFileType = wrapper.application; includeInIndex = 0; path = "Level Sense.app"; sourceTree = BUILT_PRODUCTS_DIR; };
		F19DAE5E1F3DB03D007F14FF /* AppDelegate.swift */ = {isa = PBXFileReference; lastKnownFileType = sourcecode.swift; path = AppDelegate.swift; sourceTree = "<group>"; };
		F19DAE661F3DB03D007F14FF /* LevelSense.xcdatamodel */ = {isa = PBXFileReference; lastKnownFileType = wrapper.xcdatamodel; path = LevelSense.xcdatamodel; sourceTree = "<group>"; };
		F19DAE681F3DB03D007F14FF /* Assets.xcassets */ = {isa = PBXFileReference; lastKnownFileType = folder.assetcatalog; path = Assets.xcassets; sourceTree = "<group>"; };
		F19DAE6D1F3DB03D007F14FF /* Info.plist */ = {isa = PBXFileReference; lastKnownFileType = text.plist.xml; path = Info.plist; sourceTree = "<group>"; };
		F19DAE751F3DCCBB007F14FF /* Reachability.swift */ = {isa = PBXFileReference; fileEncoding = 4; lastKnownFileType = sourcecode.swift; path = Reachability.swift; sourceTree = "<group>"; };
		F19DAE781F3DD14A007F14FF /* LoginRequestManager.swift */ = {isa = PBXFileReference; lastKnownFileType = sourcecode.swift; path = LoginRequestManager.swift; sourceTree = "<group>"; };
		F19DAE7C1F3DD1C3007F14FF /* Request.swift */ = {isa = PBXFileReference; lastKnownFileType = sourcecode.swift; path = Request.swift; sourceTree = "<group>"; };
		F19DAE7E1F3DD1F4007F14FF /* LoginInterface.swift */ = {isa = PBXFileReference; lastKnownFileType = sourcecode.swift; path = LoginInterface.swift; sourceTree = "<group>"; };
		F19DAE801F3DD316007F14FF /* Constant.swift */ = {isa = PBXFileReference; lastKnownFileType = sourcecode.swift; path = Constant.swift; sourceTree = "<group>"; };
		F19DAE821F3DD3BC007F14FF /* LoginRequest.swift */ = {isa = PBXFileReference; lastKnownFileType = sourcecode.swift; path = LoginRequest.swift; sourceTree = "<group>"; };
		F19DAE841F3DD46C007F14FF /* Interface.swift */ = {isa = PBXFileReference; lastKnownFileType = sourcecode.swift; path = Interface.swift; sourceTree = "<group>"; };
		F19DAE861F3DD846007F14FF /* RealAPI.swift */ = {isa = PBXFileReference; lastKnownFileType = sourcecode.swift; path = RealAPI.swift; sourceTree = "<group>"; };
		F19DAE881F3DD8D0007F14FF /* NetworkHttpClient.swift */ = {isa = PBXFileReference; lastKnownFileType = sourcecode.swift; path = NetworkHttpClient.swift; sourceTree = "<group>"; };
		F19DAE8B1F3ECC1E007F14FF /* User.swift */ = {isa = PBXFileReference; lastKnownFileType = sourcecode.swift; path = User.swift; sourceTree = "<group>"; };
/* End PBXFileReference section */

/* Begin PBXFrameworksBuildPhase section */
		F19DAE581F3DB03D007F14FF /* Frameworks */ = {
			isa = PBXFrameworksBuildPhase;
			buildActionMask = 2147483647;
			files = (
				530A67D71FCD6CFC00B2A5C5 /* Buy.framework in Frameworks */,
				53CDD6791F4B0B580003F166 /* NVActivityIndicatorView.framework in Frameworks */,
				536656A81F4AE3A6003A5E71 /* MarqueeLabel.framework in Frameworks */,
				536656A61F4AE39F003A5E71 /* SnapKit.framework in Frameworks */,
				536656A41F4AE386003A5E71 /* NotificationBannerSwift.framework in Frameworks */,
				7D5CD34E198412BBCCA56C63 /* Pods_LevelSense.framework in Frameworks */,
			);
			runOnlyForDeploymentPostprocessing = 0;
		};
/* End PBXFrameworksBuildPhase section */

/* Begin PBXGroup section */
		07413B0771216111676D104C /* Frameworks */ = {
			isa = PBXGroup;
			children = (
				53CDD6781F4B0B580003F166 /* NVActivityIndicatorView.framework */,
				536656A71F4AE3A6003A5E71 /* MarqueeLabel.framework */,
				536656A51F4AE39F003A5E71 /* SnapKit.framework */,
				536656A31F4AE386003A5E71 /* NotificationBannerSwift.framework */,
				E033AA869FE6722239659C82 /* Pods_LevelSense.framework */,
			);
			name = Frameworks;
			sourceTree = "<group>";
		};
		2A6D2AE11F46FA1D00C98631 /* CustomFiles */ = {
			isa = PBXGroup;
			children = (
				2A6D2AF51F47080500C98631 /* SWRevealViewController.h */,
				2A6D2AF61F47080500C98631 /* SWRevealViewController.m */,
				2A6D2AF41F47080500C98631 /* LevelSense-Bridging-Header.h */,
				536656A91F4AE3B8003A5E71 /* Banner.swift */,
				53BC17CC1F5D484A00E78F7D /* UIBezierPath+Interpolation.h */,
				53BC17CD1F5D484A00E78F7D /* UIBezierPath+Interpolation.m */,
				53BC17CF1F5D48B900E78F7D /* CGPointExtension.h */,
				53BC17D01F5D48B900E78F7D /* CGPointExtension.m */,
				53BC17D21F5D555700E78F7D /* LineGraphLayer.swift */,
			);
			path = CustomFiles;
			sourceTree = "<group>";
		};
		2A6D2AE51F46FDBF00C98631 /* Controllers */ = {
			isa = PBXGroup;
			children = (
				2A6D2AEB1F47014700C98631 /* LSViewController.swift */,
				2A6D2AE61F46FDDD00C98631 /* LoginViewController.swift */,
				2A6D2AE81F46FDF600C98631 /* MenuViewController.swift */,
				535522B81F4EEB1100D0AE05 /* OptionSelectionViewController.swift */,
				5397E7641F4D82710060F3C7 /* MenuChilds */,
			);
			path = Controllers;
			sourceTree = "<group>";
		};
		2A6D2AEA1F46FF3C00C98631 /* Cells */ = {
			isa = PBXGroup;
			children = (
				2A6D2AF81F47232400C98631 /* MenuTableViewCell.swift */,
				2A6D2AF91F47232400C98631 /* MenuTableViewCell.xib */,
				53590D4B1F4C129D001F414A /* MyDevicesTableViewCell.swift */,
				53590D4C1F4C129D001F414A /* MyDevicesTableViewCell.xib */,
				539B69E81F516BD4009CF09D /* NotificationsTableViewCell.swift */,
				539B69E91F516BD4009CF09D /* NotificationsTableViewCell.xib */,
				535793381F56AF5100F28DC5 /* AddContactTableViewCell.xib */,
				53A2A9521F76675B0058767A /* AlarmLogTableViewCell.swift */,
				53A2A9531F76675B0058767A /* AlarmLogTableViewCell.xib */,
				53B2750F1FC6ADE300823A1D /* ProductsTableViewCell.swift */,
				53B275101FC6ADE300823A1D /* ProductsTableViewCell.xib */,
				539DE35C1FCC0CD700A2906C /* CartTableViewCell.swift */,
				539DE35D1FCC0CD700A2906C /* CartTableViewCell.xib */,
			);
			path = Cells;
			sourceTree = "<group>";
		};
		30891B5E28594AED7F3DA25F /* Pods */ = {
			isa = PBXGroup;
			children = (
				D466DC869107B76DD2C58A25 /* Pods-LevelSense.debug.xcconfig */,
				BF33DE86EC820CBA73807160 /* Pods-LevelSense.release.xcconfig */,
			);
			name = Pods;
			sourceTree = "<group>";
		};
		530A67C01FCD6CB400B2A5C5 /* Products */ = {
			isa = PBXGroup;
			children = (
				530A67CA1FCD6CB400B2A5C5 /* Buy.framework */,
				530A67CC1FCD6CB400B2A5C5 /* Buy.framework */,
				530A67CE1FCD6CB400B2A5C5 /* Buy.framework */,
				530A67D01FCD6CB400B2A5C5 /* Pay.framework */,
				530A67D21FCD6CB400B2A5C5 /* BuyTests.xctest */,
				530A67D41FCD6CB400B2A5C5 /* PayTests.xctest */,
			);
			name = Products;
			sourceTree = "<group>";
		};
		53129D0E1FCD7E310009AB66 /* PaymentFiles */ = {
			isa = PBXGroup;
			children = (
				53129D351FCD836C0009AB66 /* Currency.swift */,
				5324DB151FCD8FDB007D366E /* CartItem.swift */,
				5324DB171FCD8FE3007D366E /* CartController.swift */,
				5324DB391FCD9117007D366E /* Extensions */,
				5324DB201FCD9035007D366E /* API */,
				5324DB021FCD8CE9007D366E /* Models */,
				5324DAF91FCD8BE5007D366E /* Protocols */,
				53129D271FCD7FC20009AB66 /* UI */,
				53129D0F1FCD7E680009AB66 /* Controllers */,
			);
			path = PaymentFiles;
			sourceTree = "<group>";
		};
		53129D0F1FCD7E680009AB66 /* Controllers */ = {
			isa = PBXGroup;
			children = (
				53129D201FCD7F370009AB66 /* Cart */,
				53129D101FCD7E880009AB66 /* Collections */,
				53129D171FCD7EC60009AB66 /* Products */,
				53129D191FCD7EE60009AB66 /* Details */,
			);
			path = Controllers;
			sourceTree = "<group>";
		};
		53129D101FCD7E880009AB66 /* Collections */ = {
			isa = PBXGroup;
			children = (
				53129D161FCD7EB70009AB66 /* CollectionsViewController.swift */,
				53129D111FCD7E900009AB66 /* Cells */,
			);
			path = Collections;
			sourceTree = "<group>";
		};
		53129D111FCD7E900009AB66 /* Cells */ = {
			isa = PBXGroup;
			children = (
				53129D131FCD7E9E0009AB66 /* ProductCell.swift */,
				53129D121FCD7E9E0009AB66 /* ProductCell.xib */,
				53129D141FCD7EAD0009AB66 /* CollectionCell.swift */,
				53129D151FCD7EAE0009AB66 /* CollectionCell.xib */,
			);
			path = Cells;
			sourceTree = "<group>";
		};
		53129D171FCD7EC60009AB66 /* Products */ = {
			isa = PBXGroup;
			children = (
				53129D181FCD7ED70009AB66 /* ProductsViewController.swift */,
			);
			path = Products;
			sourceTree = "<group>";
		};
		53129D191FCD7EE60009AB66 /* Details */ = {
			isa = PBXGroup;
			children = (
				53129D1F1FCD7F150009AB66 /* ProductDetailsViewController.swift */,
				53129D1A1FCD7EED0009AB66 /* Cells */,
			);
			path = Details;
			sourceTree = "<group>";
		};
		53129D1A1FCD7EED0009AB66 /* Cells */ = {
			isa = PBXGroup;
			children = (
				53129D1B1FCD7EFC0009AB66 /* ProductHeaderCell.swift */,
				53129D1C1FCD7EFC0009AB66 /* ProductHeaderCell.xib */,
				53129D1E1FCD7F070009AB66 /* ProductDetailsCell.swift */,
				53129D1D1FCD7F070009AB66 /* ProductDetailsCell.xib */,
			);
			path = Cells;
			sourceTree = "<group>";
		};
		53129D201FCD7F370009AB66 /* Cart */ = {
			isa = PBXGroup;
			children = (
				53129D241FCD7F560009AB66 /* CartViewController.swift */,
				53129D251FCD7F600009AB66 /* CartNavigationController.swift */,
				53129D261FCD7F690009AB66 /* TotalsViewController.swift */,
				53129D211FCD7F3E0009AB66 /* Cells */,
			);
			path = Cart;
			sourceTree = "<group>";
		};
		53129D211FCD7F3E0009AB66 /* Cells */ = {
			isa = PBXGroup;
			children = (
				53129D221FCD7F4A0009AB66 /* CartCell.swift */,
				53129D231FCD7F4B0009AB66 /* CartCell.xib */,
			);
			path = Cells;
			sourceTree = "<group>";
		};
		53129D271FCD7FC20009AB66 /* UI */ = {
			isa = PBXGroup;
			children = (
				53129D281FCD7FF40009AB66 /* Color.swift */,
				53129D291FCD80010009AB66 /* SelectableCell.swift */,
				53129D341FCD82B10009AB66 /* ImageViewController.swift */,
				53129D331FCD82B10009AB66 /* ParallaxViewController.swift */,
				53129D321FCD82AF0009AB66 /* SeparatorView.swift */,
				53129D2E1FCD80430009AB66 /* Scroll Views */,
				53129D2A1FCD80190009AB66 /* Buttons */,
			);
			path = UI;
			sourceTree = "<group>";
		};
		53129D2A1FCD80190009AB66 /* Buttons */ = {
			isa = PBXGroup;
			children = (
				53129D2B1FCD803A0009AB66 /* CartButton.swift */,
				53129D2C1FCD803B0009AB66 /* RoundedButton.swift */,
				53129D2D1FCD803B0009AB66 /* SubtitleButton.swift */,
			);
			path = Buttons;
			sourceTree = "<group>";
		};
		53129D2E1FCD80430009AB66 /* Scroll Views */ = {
			isa = PBXGroup;
			children = (
				53129D311FCD82850009AB66 /* Paginating.swift */,
				53129D301FCD82850009AB66 /* StorefrontCollectionView.swift */,
				53129D2F1FCD82840009AB66 /* StorefrontTableView.swift */,
			);
			path = "Scroll Views";
			sourceTree = "<group>";
		};
		5324DAF91FCD8BE5007D366E /* Protocols */ = {
			isa = PBXGroup;
			children = (
				5324DAFC1FCD8C35007D366E /* Serializable.swift */,
				5324DAFD1FCD8C35007D366E /* ViewModelConfigurable.swift */,
				5324DB111FCD8F26007D366E /* ViewModel.swift */,
				5324DAFB1FCD8C34007D366E /* ViewModeling.swift */,
			);
			path = Protocols;
			sourceTree = "<group>";
		};
		5324DB021FCD8CE9007D366E /* Models */ = {
			isa = PBXGroup;
			children = (
				5324DB131FCD8FA0007D366E /* CartItemViewModel.swift */,
				5324DB0B1FCD8DDB007D366E /* VariantViewModel.swift */,
				5324DB091FCD8DCA007D366E /* ImageViewModel.swift */,
				5324DB071FCD8DAD007D366E /* PaginatedArray.swift */,
				5324DB031FCD8D4A007D366E /* ProductViewModel.swift */,
				5324DB0F1FCD8EEC007D366E /* CollectionViewModel.swift */,
				5324DB491FCD9643007D366E /* Pay Conversions */,
				5324DB191FCD9003007D366E /* Checkout */,
			);
			path = Models;
			sourceTree = "<group>";
		};
		5324DB191FCD9003007D366E /* Checkout */ = {
			isa = PBXGroup;
			children = (
				5324DB1C1FCD9014007D366E /* AddressViewModel.swift */,
				5324DB1F1FCD9015007D366E /* CheckoutViewModel.swift */,
				5324DB1A1FCD9014007D366E /* CreditCardViewModel.swift */,
				5324DB1B1FCD9014007D366E /* LineItemViewModel.swift */,
				5324DB1E1FCD9015007D366E /* PaymentViewModel.swift */,
				5324DB1D1FCD9015007D366E /* ShippingRateViewModel.swift */,
			);
			path = Checkout;
			sourceTree = "<group>";
		};
		5324DB201FCD9035007D366E /* API */ = {
			isa = PBXGroup;
			children = (
				5324DB211FCD9043007D366E /* Client.swift */,
				5324DB221FCD9043007D366E /* ClientQuery.swift */,
				5324DB231FCD9050007D366E /* Extensions */,
				5324DB241FCD9057007D366E /* Fragments */,
			);
			path = API;
			sourceTree = "<group>";
		};
		5324DB231FCD9050007D366E /* Extensions */ = {
			isa = PBXGroup;
			children = (
				5324DB251FCD9061007D366E /* GraphQL+Serializable.swift */,
			);
			path = Extensions;
			sourceTree = "<group>";
		};
		5324DB241FCD9057007D366E /* Fragments */ = {
			isa = PBXGroup;
			children = (
				5324DB291FCD906E007D366E /* Fragment+CheckoutQuery.swift */,
				5324DB271FCD906D007D366E /* Fragment+ImageConnectionQuery.swift */,
				5324DB261FCD906D007D366E /* Fragment+PaymentQuery.swift */,
				5324DB281FCD906E007D366E /* Fragment+ProductConnectionQuery.swift */,
				5324DB2A1FCD906F007D366E /* Fragment+VariantConnectionQuery.swift */,
			);
			path = Fragments;
			sourceTree = "<group>";
		};
		5324DB391FCD9117007D366E /* Extensions */ = {
			isa = PBXGroup;
			children = (
				5324DB3F1FCD9125007D366E /* UICollectionView+Touch.swift */,
				5324DB411FCD9125007D366E /* UIImageView+Remote.swift */,
				5324DB401FCD9125007D366E /* NSObject+Name.swift */,
				5324DB421FCD9126007D366E /* Storyboard+ViewController.swift */,
				5324DB431FCD9126007D366E /* String+HTML.swift */,
			);
			path = Extensions;
			sourceTree = "<group>";
		};
		5324DB491FCD9643007D366E /* Pay Conversions */ = {
			isa = PBXGroup;
			children = (
				5324DB4C1FCD9654007D366E /* AddressViewModel+PayAddress.swift */,
				5324DB4A1FCD9654007D366E /* CheckoutViewModel+PayCheckout.swift */,
				5324DB4B1FCD9654007D366E /* ShippingRateViewModel+PayShippingRate.swift */,
			);
			path = "Pay Conversions";
			sourceTree = "<group>";
		};
		538650441F58444C000B454E /* DeviceActions */ = {
			isa = PBXGroup;
			children = (
				539671611F6BC0B500892132 /* DeviceDetailViewController.swift */,
				538650451F584473000B454E /* AlarmConfigViewController.swift */,
				53A0AA1D1F5FDA7E00570A6A /* GraphViewController.swift */,
				53A2A9501F765C2D0058767A /* AlarmLogViewController.swift */,
			);
			path = DeviceActions;
			sourceTree = "<group>";
		};
		5397E7641F4D82710060F3C7 /* MenuChilds */ = {
			isa = PBXGroup;
			children = (
				5397E7671F4D82710060F3C7 /* MyDevicesViewController.swift */,
				538650441F58444C000B454E /* DeviceActions */,
				5397E7651F4D82710060F3C7 /* ClaimDeviceViewController.swift */,
				5397E76B1F4D8EB70060F3C7 /* NotificationsViewController.swift */,
				5397E76D1F4D8EC90060F3C7 /* PersonalInfoViewController.swift */,
				53C584441FC7EBD40028BDFB /* ProductBuy */,
			);
			path = MenuChilds;
			sourceTree = "<group>";
		};
		53C584441FC7EBD40028BDFB /* ProductBuy */ = {
			isa = PBXGroup;
			children = (
				53B2750D1FC6AA9800823A1D /* MyProductsViewController.swift */,
				53B275151FC6C60200823A1D /* ProductDetailViewController.swift */,
				53C584471FC7F7930028BDFB /* MyCartViewController.swift */,
			);
			path = ProductBuy;
			sourceTree = "<group>";
		};
		53C584491FC835E90028BDFB /* Helpers */ = {
			isa = PBXGroup;
			children = (
				53C5844A1FC835E90028BDFB /* extensions.swift */,
				53C5844C1FC835F40028BDFB /* KeychainPasswordItem.swift */,
			);
			path = Helpers;
			sourceTree = "<group>";
		};
		F19DAE521F3DB03D007F14FF = {
			isa = PBXGroup;
			children = (
				53C584431FC7E7920028BDFB /* Level Sense.entitlements */,
				F19DAE5D1F3DB03D007F14FF /* LevelSense */,
				F19DAE5C1F3DB03D007F14FF /* Products */,
				30891B5E28594AED7F3DA25F /* Pods */,
				07413B0771216111676D104C /* Frameworks */,
			);
			sourceTree = "<group>";
		};
		F19DAE5C1F3DB03D007F14FF /* Products */ = {
			isa = PBXGroup;
			children = (
				F19DAE5B1F3DB03D007F14FF /* Level Sense.app */,
			);
			name = Products;
			sourceTree = "<group>";
		};
		F19DAE5D1F3DB03D007F14FF /* LevelSense */ = {
			isa = PBXGroup;
			children = (
				F19DAE741F3DCCBB007F14FF /* Reachability */,
				F19DAE5E1F3DB03D007F14FF /* AppDelegate.swift */,
				F19DAE801F3DD316007F14FF /* Constant.swift */,
				2A6D2AE51F46FDBF00C98631 /* Controllers */,
				2A6D2AEA1F46FF3C00C98631 /* Cells */,
				F19DAE8A1F3ECBED007F14FF /* Models */,
				F19DAE771F3DD139007F14FF /* NetworkManager */,
				F19DAE681F3DB03D007F14FF /* Assets.xcassets */,
				53129D0E1FCD7E310009AB66 /* PaymentFiles */,
				53C584491FC835E90028BDFB /* Helpers */,
				2A6D2AE11F46FA1D00C98631 /* CustomFiles */,
				2A60C1BC1F45D29F003F4C9B /* Main.storyboard */,
				2A7C55E31F46D8BC00A3CD91 /* LaunchScreen.storyboard */,
				53129CBB1FCD7B5A0009AB66 /* Payment.storyboard */,
				530A67BF1FCD6CB400B2A5C5 /* Buy.xcodeproj */,
				F19DAE6D1F3DB03D007F14FF /* Info.plist */,
				F19DAE651F3DB03D007F14FF /* LevelSense.xcdatamodeld */,
			);
			path = LevelSense;
			sourceTree = "<group>";
		};
		F19DAE741F3DCCBB007F14FF /* Reachability */ = {
			isa = PBXGroup;
			children = (
				F19DAE751F3DCCBB007F14FF /* Reachability.swift */,
			);
			path = Reachability;
			sourceTree = "<group>";
		};
		F19DAE771F3DD139007F14FF /* NetworkManager */ = {
			isa = PBXGroup;
			children = (
				F19DAE781F3DD14A007F14FF /* LoginRequestManager.swift */,
				53590D4F1F4C3EC5001F414A /* UserRequestManager.swift */,
				539DEDD71F542A5F00662521 /* ContactRequestManager.swift */,
				F19DAE861F3DD846007F14FF /* RealAPI.swift */,
				F19DAE881F3DD8D0007F14FF /* NetworkHttpClient.swift */,
				F19DAE7B1F3DD17E007F14FF /* Interfaces */,
				F19DAE7A1F3DD17E007F14FF /* Requests */,
			);
			path = NetworkManager;
			sourceTree = "<group>";
		};
		F19DAE7A1F3DD17E007F14FF /* Requests */ = {
			isa = PBXGroup;
			children = (
				F19DAE7C1F3DD1C3007F14FF /* Request.swift */,
				F19DAE821F3DD3BC007F14FF /* LoginRequest.swift */,
				53590D511F4C3F30001F414A /* UserRequest.swift */,
				539DEDDD1F542D7F00662521 /* ContactRequest.swift */,
			);
			path = Requests;
			sourceTree = "<group>";
		};
		F19DAE7B1F3DD17E007F14FF /* Interfaces */ = {
			isa = PBXGroup;
			children = (
				F19DAE841F3DD46C007F14FF /* Interface.swift */,
				F19DAE7E1F3DD1F4007F14FF /* LoginInterface.swift */,
				53590D531F4C4164001F414A /* UserInterface.swift */,
				539DEDDB1F542D5000662521 /* ContactInterface.swift */,
			);
			path = Interfaces;
			sourceTree = "<group>";
		};
		F19DAE8A1F3ECBED007F14FF /* Models */ = {
			isa = PBXGroup;
			children = (
				F19DAE8B1F3ECC1E007F14FF /* User.swift */,
				530D61741F4C6DB300AB583F /* Device.swift */,
				539DEDD91F542AD700662521 /* Contact.swift */,
				538AA73D1F55A9C6004559EC /* ServiceProvider.swift */,
				53A2A94E1F76531E0058767A /* DeviceLog.swift */,
				53B275131FC6B12D00823A1D /* Product.swift */,
			);
			path = Models;
			sourceTree = "<group>";
		};
/* End PBXGroup section */

/* Begin PBXNativeTarget section */
		F19DAE5A1F3DB03D007F14FF /* Level Sense */ = {
			isa = PBXNativeTarget;
			buildConfigurationList = F19DAE701F3DB03D007F14FF /* Build configuration list for PBXNativeTarget "Level Sense" */;
			buildPhases = (
				8022D203C6EDD6B385BABC79 /* [CP] Check Pods Manifest.lock */,
				F19DAE571F3DB03D007F14FF /* Sources */,
				F19DAE581F3DB03D007F14FF /* Frameworks */,
				F19DAE591F3DB03D007F14FF /* Resources */,
				E2409EA15A3F0D8F5C26042E /* [CP] Embed Pods Frameworks */,
				ABA9D66FD05DB6D27CE0CFBA /* [CP] Copy Pods Resources */,
				530A67D81FCD704E00B2A5C5 /* CopyFiles */,
			);
			buildRules = (
			);
			dependencies = (
				530A67DE1FCD709100B2A5C5 /* PBXTargetDependency */,
				530A67D61FCD6CDC00B2A5C5 /* PBXTargetDependency */,
			);
			name = "Level Sense";
			productName = LevelSense;
			productReference = F19DAE5B1F3DB03D007F14FF /* Level Sense.app */;
			productType = "com.apple.product-type.application";
		};
/* End PBXNativeTarget section */

/* Begin PBXProject section */
		F19DAE531F3DB03D007F14FF /* Project object */ = {
			isa = PBXProject;
			attributes = {
				LastSwiftUpdateCheck = 0900;
				LastUpgradeCheck = 0900;
				ORGANIZATIONNAME = "Navneet Singh";
				TargetAttributes = {
					F19DAE5A1F3DB03D007F14FF = {
						CreatedOnToolsVersion = 9.0;
						LastSwiftMigration = 0830;
						ProvisioningStyle = Manual;
						SystemCapabilities = {
							com.apple.ApplePay = {
								enabled = 0;
							};
							com.apple.Wallet = {
								enabled = 0;
							};
						};
					};
				};
			};
			buildConfigurationList = F19DAE561F3DB03D007F14FF /* Build configuration list for PBXProject "LevelSense" */;
			compatibilityVersion = "Xcode 8.0";
			developmentRegion = en;
			hasScannedForEncodings = 0;
			knownRegions = (
				en,
				Base,
			);
			mainGroup = F19DAE521F3DB03D007F14FF;
			productRefGroup = F19DAE5C1F3DB03D007F14FF /* Products */;
			projectDirPath = "";
			projectReferences = (
				{
					ProductGroup = 530A67C01FCD6CB400B2A5C5 /* Products */;
					ProjectRef = 530A67BF1FCD6CB400B2A5C5 /* Buy.xcodeproj */;
				},
			);
			projectRoot = "";
			targets = (
				F19DAE5A1F3DB03D007F14FF /* Level Sense */,
			);
		};
/* End PBXProject section */

/* Begin PBXReferenceProxy section */
		530A67CA1FCD6CB400B2A5C5 /* Buy.framework */ = {
			isa = PBXReferenceProxy;
			fileType = wrapper.framework;
			path = Buy.framework;
			remoteRef = 530A67C91FCD6CB400B2A5C5 /* PBXContainerItemProxy */;
			sourceTree = BUILT_PRODUCTS_DIR;
		};
		530A67CC1FCD6CB400B2A5C5 /* Buy.framework */ = {
			isa = PBXReferenceProxy;
			fileType = wrapper.framework;
			path = Buy.framework;
			remoteRef = 530A67CB1FCD6CB400B2A5C5 /* PBXContainerItemProxy */;
			sourceTree = BUILT_PRODUCTS_DIR;
		};
		530A67CE1FCD6CB400B2A5C5 /* Buy.framework */ = {
			isa = PBXReferenceProxy;
			fileType = wrapper.framework;
			path = Buy.framework;
			remoteRef = 530A67CD1FCD6CB400B2A5C5 /* PBXContainerItemProxy */;
			sourceTree = BUILT_PRODUCTS_DIR;
		};
		530A67D01FCD6CB400B2A5C5 /* Pay.framework */ = {
			isa = PBXReferenceProxy;
			fileType = wrapper.framework;
			path = Pay.framework;
			remoteRef = 530A67CF1FCD6CB400B2A5C5 /* PBXContainerItemProxy */;
			sourceTree = BUILT_PRODUCTS_DIR;
		};
		530A67D21FCD6CB400B2A5C5 /* BuyTests.xctest */ = {
			isa = PBXReferenceProxy;
			fileType = wrapper.cfbundle;
			path = BuyTests.xctest;
			remoteRef = 530A67D11FCD6CB400B2A5C5 /* PBXContainerItemProxy */;
			sourceTree = BUILT_PRODUCTS_DIR;
		};
		530A67D41FCD6CB400B2A5C5 /* PayTests.xctest */ = {
			isa = PBXReferenceProxy;
			fileType = wrapper.cfbundle;
			path = PayTests.xctest;
			remoteRef = 530A67D31FCD6CB400B2A5C5 /* PBXContainerItemProxy */;
			sourceTree = BUILT_PRODUCTS_DIR;
		};
/* End PBXReferenceProxy section */

/* Begin PBXResourcesBuildPhase section */
		F19DAE591F3DB03D007F14FF /* Resources */ = {
			isa = PBXResourcesBuildPhase;
			buildActionMask = 2147483647;
			files = (
				53CF87371FCDA010009D7CF4 /* CartCell.xib in Resources */,
				53CF87381FCDA010009D7CF4 /* ProductCell.xib in Resources */,
				53CF87391FCDA010009D7CF4 /* CollectionCell.xib in Resources */,
				53CF873A1FCDA010009D7CF4 /* ProductHeaderCell.xib in Resources */,
				53CF873B1FCDA010009D7CF4 /* ProductDetailsCell.xib in Resources */,
				2A7C55E51F46D8BC00A3CD91 /* LaunchScreen.storyboard in Resources */,
				53B275121FC6ADE300823A1D /* ProductsTableViewCell.xib in Resources */,
				F19DAE691F3DB03D007F14FF /* Assets.xcassets in Resources */,
				5357933A1F56AF5100F28DC5 /* AddContactTableViewCell.xib in Resources */,
				539B69EB1F516BD4009CF09D /* NotificationsTableViewCell.xib in Resources */,
				539DE35F1FCC0CD800A2906C /* CartTableViewCell.xib in Resources */,
				53A2A9551F76675B0058767A /* AlarmLogTableViewCell.xib in Resources */,
				2A6D2AFB1F47232400C98631 /* MenuTableViewCell.xib in Resources */,
				53590D4E1F4C129D001F414A /* MyDevicesTableViewCell.xib in Resources */,
				2A60C1BE1F45D29F003F4C9B /* Main.storyboard in Resources */,
				53129CC21FCD7B5B0009AB66 /* Payment.storyboard in Resources */,
			);
			runOnlyForDeploymentPostprocessing = 0;
		};
/* End PBXResourcesBuildPhase section */

/* Begin PBXShellScriptBuildPhase section */
		8022D203C6EDD6B385BABC79 /* [CP] Check Pods Manifest.lock */ = {
			isa = PBXShellScriptBuildPhase;
			buildActionMask = 2147483647;
			files = (
			);
			inputPaths = (
				"${PODS_PODFILE_DIR_PATH}/Podfile.lock",
				"${PODS_ROOT}/Manifest.lock",
			);
			name = "[CP] Check Pods Manifest.lock";
			outputPaths = (
				"$(DERIVED_FILE_DIR)/Pods-LevelSense-checkManifestLockResult.txt",
			);
			runOnlyForDeploymentPostprocessing = 0;
			shellPath = /bin/sh;
			shellScript = "diff \"${PODS_PODFILE_DIR_PATH}/Podfile.lock\" \"${PODS_ROOT}/Manifest.lock\" > /dev/null\nif [ $? != 0 ] ; then\n    # print error to STDERR\n    echo \"error: The sandbox is not in sync with the Podfile.lock. Run 'pod install' or update your CocoaPods installation.\" >&2\n    exit 1\nfi\n# This output is used by Xcode 'outputs' to avoid re-running this script phase.\necho \"SUCCESS\" > \"${SCRIPT_OUTPUT_FILE_0}\"\n";
			showEnvVarsInLog = 0;
		};
		ABA9D66FD05DB6D27CE0CFBA /* [CP] Copy Pods Resources */ = {
			isa = PBXShellScriptBuildPhase;
			buildActionMask = 2147483647;
			files = (
			);
			inputPaths = (
			);
			name = "[CP] Copy Pods Resources";
			outputPaths = (
			);
			runOnlyForDeploymentPostprocessing = 0;
			shellPath = /bin/sh;
			shellScript = "\"${SRCROOT}/Pods/Target Support Files/Pods-LevelSense/Pods-LevelSense-resources.sh\"\n";
			showEnvVarsInLog = 0;
		};
		E2409EA15A3F0D8F5C26042E /* [CP] Embed Pods Frameworks */ = {
			isa = PBXShellScriptBuildPhase;
			buildActionMask = 2147483647;
			files = (
			);
			inputPaths = (
				"${SRCROOT}/Pods/Target Support Files/Pods-LevelSense/Pods-LevelSense-frameworks.sh",
				"${BUILT_PRODUCTS_DIR}/Alamofire/Alamofire.framework",
				"${BUILT_PRODUCTS_DIR}/CCBottomRefreshControl/CCBottomRefreshControl.framework",
				"${BUILT_PRODUCTS_DIR}/MarqueeLabel/MarqueeLabel.framework",
				"${BUILT_PRODUCTS_DIR}/NVActivityIndicatorView/NVActivityIndicatorView.framework",
				"${BUILT_PRODUCTS_DIR}/NotificationBannerSwift/NotificationBannerSwift.framework",
				"${BUILT_PRODUCTS_DIR}/SnapKit/SnapKit.framework",
			);
			name = "[CP] Embed Pods Frameworks";
			outputPaths = (
				"${TARGET_BUILD_DIR}/${FRAMEWORKS_FOLDER_PATH}/Alamofire.framework",
				"${TARGET_BUILD_DIR}/${FRAMEWORKS_FOLDER_PATH}/CCBottomRefreshControl.framework",
				"${TARGET_BUILD_DIR}/${FRAMEWORKS_FOLDER_PATH}/MarqueeLabel.framework",
				"${TARGET_BUILD_DIR}/${FRAMEWORKS_FOLDER_PATH}/NVActivityIndicatorView.framework",
				"${TARGET_BUILD_DIR}/${FRAMEWORKS_FOLDER_PATH}/NotificationBannerSwift.framework",
				"${TARGET_BUILD_DIR}/${FRAMEWORKS_FOLDER_PATH}/SnapKit.framework",
			);
			runOnlyForDeploymentPostprocessing = 0;
			shellPath = /bin/sh;
			shellScript = "\"${SRCROOT}/Pods/Target Support Files/Pods-LevelSense/Pods-LevelSense-frameworks.sh\"\n";
			showEnvVarsInLog = 0;
		};
/* End PBXShellScriptBuildPhase section */

/* Begin PBXSourcesBuildPhase section */
		F19DAE571F3DB03D007F14FF /* Sources */ = {
			isa = PBXSourcesBuildPhase;
			buildActionMask = 2147483647;
			files = (
				5324DB4D1FCD9664007D366E /* AddressViewModel+PayAddress.swift in Sources */,
				5324DB4E1FCD9664007D366E /* CheckoutViewModel+PayCheckout.swift in Sources */,
				5324DB4F1FCD9664007D366E /* ShippingRateViewModel+PayShippingRate.swift in Sources */,
				5324DB441FCD9130007D366E /* UICollectionView+Touch.swift in Sources */,
				5324DB451FCD9130007D366E /* UIImageView+Remote.swift in Sources */,
				5324DB461FCD9130007D366E /* NSObject+Name.swift in Sources */,
				5324DB471FCD9130007D366E /* Storyboard+ViewController.swift in Sources */,
				5324DB481FCD9130007D366E /* String+HTML.swift in Sources */,
				5324DB2B1FCD909A007D366E /* Client.swift in Sources */,
				5324DB2C1FCD909A007D366E /* ClientQuery.swift in Sources */,
				5324DB2D1FCD909A007D366E /* GraphQL+Serializable.swift in Sources */,
				5324DB2E1FCD909A007D366E /* Fragment+CheckoutQuery.swift in Sources */,
				5324DB2F1FCD909A007D366E /* Fragment+ImageConnectionQuery.swift in Sources */,
				5324DB301FCD909A007D366E /* Fragment+PaymentQuery.swift in Sources */,
				5324DB311FCD909A007D366E /* Fragment+ProductConnectionQuery.swift in Sources */,
				5324DB321FCD909A007D366E /* Fragment+VariantConnectionQuery.swift in Sources */,
				5324DB331FCD909A007D366E /* AddressViewModel.swift in Sources */,
				5324DB341FCD909A007D366E /* CheckoutViewModel.swift in Sources */,
				5324DB351FCD909A007D366E /* CreditCardViewModel.swift in Sources */,
				5324DB361FCD909A007D366E /* LineItemViewModel.swift in Sources */,
				5324DB371FCD909A007D366E /* PaymentViewModel.swift in Sources */,
				5324DB381FCD909A007D366E /* ShippingRateViewModel.swift in Sources */,
				5324DB041FCD8D54007D366E /* ProductViewModel.swift in Sources */,
				5324DAFF1FCD8C3F007D366E /* Serializable.swift in Sources */,
				5324DB001FCD8C3F007D366E /* ViewModelConfigurable.swift in Sources */,
				5324DB011FCD8C3F007D366E /* ViewModeling.swift in Sources */,
				5324DAD71FCD8983007D366E /* Currency.swift in Sources */,
				5324DAD81FCD8983007D366E /* Color.swift in Sources */,
				5324DAD91FCD8983007D366E /* SelectableCell.swift in Sources */,
				5324DADA1FCD8983007D366E /* ImageViewController.swift in Sources */,
				5324DADB1FCD8983007D366E /* ParallaxViewController.swift in Sources */,
				5324DB101FCD8EEC007D366E /* CollectionViewModel.swift in Sources */,
				5324DADC1FCD8983007D366E /* SeparatorView.swift in Sources */,
				5324DB081FCD8DAD007D366E /* PaginatedArray.swift in Sources */,
				5324DADD1FCD8983007D366E /* Paginating.swift in Sources */,
				5324DADE1FCD8983007D366E /* StorefrontCollectionView.swift in Sources */,
				5324DADF1FCD8983007D366E /* StorefrontTableView.swift in Sources */,
				5324DB141FCD8FA0007D366E /* CartItemViewModel.swift in Sources */,
				5324DAE01FCD8983007D366E /* CartButton.swift in Sources */,
				5324DAE11FCD8983007D366E /* RoundedButton.swift in Sources */,
				5324DAE21FCD8983007D366E /* SubtitleButton.swift in Sources */,
				5324DAE31FCD8983007D366E /* CartViewController.swift in Sources */,
				5324DAE41FCD8983007D366E /* CartNavigationController.swift in Sources */,
				5324DAE51FCD8983007D366E /* TotalsViewController.swift in Sources */,
				5324DAE61FCD8983007D366E /* CartCell.swift in Sources */,
				5324DAE71FCD8983007D366E /* CollectionsViewController.swift in Sources */,
				5324DAE81FCD8983007D366E /* ProductCell.swift in Sources */,
				5324DAE91FCD8983007D366E /* CollectionCell.swift in Sources */,
				5324DAEA1FCD8983007D366E /* ProductsViewController.swift in Sources */,
				5324DAEB1FCD8983007D366E /* ProductDetailsViewController.swift in Sources */,
				5324DAEC1FCD8983007D366E /* ProductHeaderCell.swift in Sources */,
				5324DAED1FCD8983007D366E /* ProductDetailsCell.swift in Sources */,
				2A6D2AE71F46FDDD00C98631 /* LoginViewController.swift in Sources */,
				53B275111FC6ADE300823A1D /* ProductsTableViewCell.swift in Sources */,
				539DEDD81F542A5F00662521 /* ContactRequestManager.swift in Sources */,
				2A6D2AE91F46FDF600C98631 /* MenuViewController.swift in Sources */,
				539671621F6BC0B500892132 /* DeviceDetailViewController.swift in Sources */,
				F19DAE8C1F3ECC1E007F14FF /* User.swift in Sources */,
				53590D521F4C3F30001F414A /* UserRequest.swift in Sources */,
				5397E76E1F4D8EC90060F3C7 /* PersonalInfoViewController.swift in Sources */,
				53590D4D1F4C129D001F414A /* MyDevicesTableViewCell.swift in Sources */,
				F19DAE831F3DD3BC007F14FF /* LoginRequest.swift in Sources */,
				53BC17CE1F5D484A00E78F7D /* UIBezierPath+Interpolation.m in Sources */,
				53BC17D11F5D48B900E78F7D /* CGPointExtension.m in Sources */,
				53590D501F4C3EC5001F414A /* UserRequestManager.swift in Sources */,
				F19DAE851F3DD46C007F14FF /* Interface.swift in Sources */,
				539DEDDC1F542D5000662521 /* ContactInterface.swift in Sources */,
				53C5844B1FC835E90028BDFB /* extensions.swift in Sources */,
				538650461F584473000B454E /* AlarmConfigViewController.swift in Sources */,
				53A2A9541F76675B0058767A /* AlarmLogTableViewCell.swift in Sources */,
				53A2A94F1F76531E0058767A /* DeviceLog.swift in Sources */,
				F19DAE671F3DB03D007F14FF /* LevelSense.xcdatamodeld in Sources */,
				F19DAE891F3DD8D0007F14FF /* NetworkHttpClient.swift in Sources */,
				539B69EA1F516BD4009CF09D /* NotificationsTableViewCell.swift in Sources */,
				F19DAE7F1F3DD1F4007F14FF /* LoginInterface.swift in Sources */,
				5324DB121FCD8F27007D366E /* ViewModel.swift in Sources */,
				538AA73E1F55A9C6004559EC /* ServiceProvider.swift in Sources */,
				F19DAE7D1F3DD1C3007F14FF /* Request.swift in Sources */,
				53B2750E1FC6AA9800823A1D /* MyProductsViewController.swift in Sources */,
				53A0AA1E1F5FDA7E00570A6A /* GraphViewController.swift in Sources */,
				5324DB0C1FCD8DDC007D366E /* VariantViewModel.swift in Sources */,
				F19DAE811F3DD316007F14FF /* Constant.swift in Sources */,
				5324DB0A1FCD8DCA007D366E /* ImageViewModel.swift in Sources */,
				2A6D2AF71F47080500C98631 /* SWRevealViewController.m in Sources */,
				53B275161FC6C60200823A1D /* ProductDetailViewController.swift in Sources */,
				5324DB161FCD8FDC007D366E /* CartItem.swift in Sources */,
				F19DAE871F3DD846007F14FF /* RealAPI.swift in Sources */,
				53C584481FC7F7930028BDFB /* MyCartViewController.swift in Sources */,
				539DEDDE1F542D7F00662521 /* ContactRequest.swift in Sources */,
				5397E7691F4D82710060F3C7 /* ClaimDeviceViewController.swift in Sources */,
				539DE35E1FCC0CD700A2906C /* CartTableViewCell.swift in Sources */,
				539DEDDA1F542AD700662521 /* Contact.swift in Sources */,
				F19DAE761F3DCCBB007F14FF /* Reachability.swift in Sources */,
				5397E76C1F4D8EB70060F3C7 /* NotificationsViewController.swift in Sources */,
				2A6D2AFA1F47232400C98631 /* MenuTableViewCell.swift in Sources */,
				53A2A9511F765C2D0058767A /* AlarmLogViewController.swift in Sources */,
				F19DAE5F1F3DB03D007F14FF /* AppDelegate.swift in Sources */,
				53C5844D1FC835F50028BDFB /* KeychainPasswordItem.swift in Sources */,
				536656AA1F4AE3B8003A5E71 /* Banner.swift in Sources */,
				F19DAE791F3DD14A007F14FF /* LoginRequestManager.swift in Sources */,
				5397E76A1F4D82710060F3C7 /* MyDevicesViewController.swift in Sources */,
				5324DB181FCD8FE3007D366E /* CartController.swift in Sources */,
				53590D541F4C4164001F414A /* UserInterface.swift in Sources */,
				53BC17D31F5D555700E78F7D /* LineGraphLayer.swift in Sources */,
				2A6D2AEC1F47014700C98631 /* LSViewController.swift in Sources */,
				530D61751F4C6DB300AB583F /* Device.swift in Sources */,
				535522B91F4EEB1100D0AE05 /* OptionSelectionViewController.swift in Sources */,
				53B275141FC6B12D00823A1D /* Product.swift in Sources */,
			);
			runOnlyForDeploymentPostprocessing = 0;
		};
/* End PBXSourcesBuildPhase section */

/* Begin PBXTargetDependency section */
		530A67D61FCD6CDC00B2A5C5 /* PBXTargetDependency */ = {
			isa = PBXTargetDependency;
			name = Buy;
			targetProxy = 530A67D51FCD6CDC00B2A5C5 /* PBXContainerItemProxy */;
		};
		530A67DE1FCD709100B2A5C5 /* PBXTargetDependency */ = {
			isa = PBXTargetDependency;
			name = Pay;
			targetProxy = 530A67DD1FCD709100B2A5C5 /* PBXContainerItemProxy */;
		};
/* End PBXTargetDependency section */

/* Begin PBXVariantGroup section */
		2A60C1BC1F45D29F003F4C9B /* Main.storyboard */ = {
			isa = PBXVariantGroup;
			children = (
				2A60C1BD1F45D29F003F4C9B /* Base */,
			);
			name = Main.storyboard;
			sourceTree = "<group>";
		};
		2A7C55E31F46D8BC00A3CD91 /* LaunchScreen.storyboard */ = {
			isa = PBXVariantGroup;
			children = (
				2A7C55E41F46D8BC00A3CD91 /* Base */,
			);
			name = LaunchScreen.storyboard;
			sourceTree = "<group>";
		};
		53129CBB1FCD7B5A0009AB66 /* Payment.storyboard */ = {
			isa = PBXVariantGroup;
			children = (
				53129CBC1FCD7B5A0009AB66 /* Base */,
			);
			name = Payment.storyboard;
			sourceTree = "<group>";
		};
/* End PBXVariantGroup section */

/* Begin XCBuildConfiguration section */
		F19DAE6E1F3DB03D007F14FF /* Debug */ = {
			isa = XCBuildConfiguration;
			buildSettings = {
				ALWAYS_SEARCH_USER_PATHS = NO;
				CLANG_ANALYZER_NONNULL = YES;
				CLANG_ANALYZER_NUMBER_OBJECT_CONVERSION = YES_AGGRESSIVE;
				CLANG_CXX_LANGUAGE_STANDARD = "gnu++14";
				CLANG_CXX_LIBRARY = "libc++";
				CLANG_ENABLE_MODULES = YES;
				CLANG_ENABLE_OBJC_ARC = YES;
				CLANG_WARN_BLOCK_CAPTURE_AUTORELEASING = YES;
				CLANG_WARN_BOOL_CONVERSION = YES;
				CLANG_WARN_COMMA = YES;
				CLANG_WARN_CONSTANT_CONVERSION = YES;
				CLANG_WARN_DIRECT_OBJC_ISA_USAGE = YES_ERROR;
				CLANG_WARN_DOCUMENTATION_COMMENTS = YES;
				CLANG_WARN_EMPTY_BODY = YES;
				CLANG_WARN_ENUM_CONVERSION = YES;
				CLANG_WARN_INFINITE_RECURSION = YES;
				CLANG_WARN_INT_CONVERSION = YES;
				CLANG_WARN_NON_LITERAL_NULL_CONVERSION = YES;
				CLANG_WARN_OBJC_LITERAL_CONVERSION = YES;
				CLANG_WARN_OBJC_ROOT_CLASS = YES_ERROR;
				CLANG_WARN_RANGE_LOOP_ANALYSIS = YES;
				CLANG_WARN_STRICT_PROTOTYPES = YES;
				CLANG_WARN_SUSPICIOUS_MOVE = YES;
				CLANG_WARN_UNGUARDED_AVAILABILITY = YES_AGGRESSIVE;
				CLANG_WARN_UNREACHABLE_CODE = YES;
				CLANG_WARN__DUPLICATE_METHOD_MATCH = YES;
				CODE_SIGN_IDENTITY = "iPhone Developer";
				COPY_PHASE_STRIP = NO;
				DEBUG_INFORMATION_FORMAT = dwarf;
				ENABLE_STRICT_OBJC_MSGSEND = YES;
				ENABLE_TESTABILITY = YES;
				GCC_C_LANGUAGE_STANDARD = gnu11;
				GCC_DYNAMIC_NO_PIC = NO;
				GCC_NO_COMMON_BLOCKS = YES;
				GCC_OPTIMIZATION_LEVEL = 0;
				GCC_PREPROCESSOR_DEFINITIONS = (
					"DEBUG=1",
					"$(inherited)",
				);
				GCC_WARN_64_TO_32_BIT_CONVERSION = YES;
				GCC_WARN_ABOUT_RETURN_TYPE = YES_ERROR;
				GCC_WARN_UNDECLARED_SELECTOR = YES;
				GCC_WARN_UNINITIALIZED_AUTOS = YES_AGGRESSIVE;
				GCC_WARN_UNUSED_FUNCTION = YES;
				GCC_WARN_UNUSED_VARIABLE = YES;
				IPHONEOS_DEPLOYMENT_TARGET = 11.0;
				MTL_ENABLE_DEBUG_INFO = YES;
				ONLY_ACTIVE_ARCH = YES;
				SDKROOT = iphoneos;
				SWIFT_ACTIVE_COMPILATION_CONDITIONS = DEBUG;
				SWIFT_OPTIMIZATION_LEVEL = "-Onone";
			};
			name = Debug;
		};
		F19DAE6F1F3DB03D007F14FF /* Release */ = {
			isa = XCBuildConfiguration;
			buildSettings = {
				ALWAYS_SEARCH_USER_PATHS = NO;
				CLANG_ANALYZER_NONNULL = YES;
				CLANG_ANALYZER_NUMBER_OBJECT_CONVERSION = YES_AGGRESSIVE;
				CLANG_CXX_LANGUAGE_STANDARD = "gnu++14";
				CLANG_CXX_LIBRARY = "libc++";
				CLANG_ENABLE_MODULES = YES;
				CLANG_ENABLE_OBJC_ARC = YES;
				CLANG_WARN_BLOCK_CAPTURE_AUTORELEASING = YES;
				CLANG_WARN_BOOL_CONVERSION = YES;
				CLANG_WARN_COMMA = YES;
				CLANG_WARN_CONSTANT_CONVERSION = YES;
				CLANG_WARN_DIRECT_OBJC_ISA_USAGE = YES_ERROR;
				CLANG_WARN_DOCUMENTATION_COMMENTS = YES;
				CLANG_WARN_EMPTY_BODY = YES;
				CLANG_WARN_ENUM_CONVERSION = YES;
				CLANG_WARN_INFINITE_RECURSION = YES;
				CLANG_WARN_INT_CONVERSION = YES;
				CLANG_WARN_NON_LITERAL_NULL_CONVERSION = YES;
				CLANG_WARN_OBJC_LITERAL_CONVERSION = YES;
				CLANG_WARN_OBJC_ROOT_CLASS = YES_ERROR;
				CLANG_WARN_RANGE_LOOP_ANALYSIS = YES;
				CLANG_WARN_STRICT_PROTOTYPES = YES;
				CLANG_WARN_SUSPICIOUS_MOVE = YES;
				CLANG_WARN_UNGUARDED_AVAILABILITY = YES_AGGRESSIVE;
				CLANG_WARN_UNREACHABLE_CODE = YES;
				CLANG_WARN__DUPLICATE_METHOD_MATCH = YES;
				CODE_SIGN_IDENTITY = "iPhone Developer";
				COPY_PHASE_STRIP = NO;
				DEBUG_INFORMATION_FORMAT = "dwarf-with-dsym";
				ENABLE_NS_ASSERTIONS = NO;
				ENABLE_STRICT_OBJC_MSGSEND = YES;
				GCC_C_LANGUAGE_STANDARD = gnu11;
				GCC_NO_COMMON_BLOCKS = YES;
				GCC_WARN_64_TO_32_BIT_CONVERSION = YES;
				GCC_WARN_ABOUT_RETURN_TYPE = YES_ERROR;
				GCC_WARN_UNDECLARED_SELECTOR = YES;
				GCC_WARN_UNINITIALIZED_AUTOS = YES_AGGRESSIVE;
				GCC_WARN_UNUSED_FUNCTION = YES;
				GCC_WARN_UNUSED_VARIABLE = YES;
				IPHONEOS_DEPLOYMENT_TARGET = 11.0;
				MTL_ENABLE_DEBUG_INFO = NO;
				SDKROOT = iphoneos;
				SWIFT_OPTIMIZATION_LEVEL = "-Owholemodule";
				VALIDATE_PRODUCT = YES;
			};
			name = Release;
		};
		F19DAE711F3DB03D007F14FF /* Debug */ = {
			isa = XCBuildConfiguration;
			baseConfigurationReference = D466DC869107B76DD2C58A25 /* Pods-LevelSense.debug.xcconfig */;
			buildSettings = {
				ASSETCATALOG_COMPILER_APPICON_NAME = AppIcon;
				CLANG_ENABLE_MODULES = YES;
				"CODE_SIGN_IDENTITY[sdk=iphoneos*]" = "iPhone Developer";
				DEVELOPMENT_TEAM = AXC7N2L5W8;
				INFOPLIST_FILE = LevelSense/Info.plist;
				IPHONEOS_DEPLOYMENT_TARGET = 10.0;
				LD_RUNPATH_SEARCH_PATHS = "$(inherited) @executable_path/Frameworks";
				PRODUCT_BUNDLE_IDENTIFIER = com.LevelSense.LS;
				PRODUCT_NAME = "$(TARGET_NAME)";
				PROVISIONING_PROFILE = "0003200b-a262-4034-957d-fcb10dcd23f3";
				PROVISIONING_PROFILE_SPECIFIER = LevelSenseDevelopment;
				SWIFT_OBJC_BRIDGING_HEADER = "LevelSense/CustomFiles/LevelSense-Bridging-Header.h";
				SWIFT_OPTIMIZATION_LEVEL = "-Onone";
				SWIFT_VERSION = 3.0;
				TARGETED_DEVICE_FAMILY = "1,2";
			};
			name = Debug;
		};
		F19DAE721F3DB03D007F14FF /* Release */ = {
			isa = XCBuildConfiguration;
			baseConfigurationReference = BF33DE86EC820CBA73807160 /* Pods-LevelSense.release.xcconfig */;
			buildSettings = {
				ASSETCATALOG_COMPILER_APPICON_NAME = AppIcon;
				CLANG_ENABLE_MODULES = YES;
				"CODE_SIGN_IDENTITY[sdk=iphoneos*]" = "iPhone Developer";
				DEVELOPMENT_TEAM = AXC7N2L5W8;
				INFOPLIST_FILE = LevelSense/Info.plist;
				IPHONEOS_DEPLOYMENT_TARGET = 10.0;
				LD_RUNPATH_SEARCH_PATHS = "$(inherited) @executable_path/Frameworks";
				PRODUCT_BUNDLE_IDENTIFIER = com.LevelSense.LS;
				PRODUCT_NAME = "$(TARGET_NAME)";
				PROVISIONING_PROFILE = "0003200b-a262-4034-957d-fcb10dcd23f3";
				PROVISIONING_PROFILE_SPECIFIER = LevelSenseDevelopment;
				SWIFT_OBJC_BRIDGING_HEADER = "LevelSense/CustomFiles/LevelSense-Bridging-Header.h";
				SWIFT_VERSION = 3.0;
				TARGETED_DEVICE_FAMILY = "1,2";
			};
			name = Release;
		};
/* End XCBuildConfiguration section */

/* Begin XCConfigurationList section */
		F19DAE561F3DB03D007F14FF /* Build configuration list for PBXProject "LevelSense" */ = {
			isa = XCConfigurationList;
			buildConfigurations = (
				F19DAE6E1F3DB03D007F14FF /* Debug */,
				F19DAE6F1F3DB03D007F14FF /* Release */,
			);
			defaultConfigurationIsVisible = 0;
			defaultConfigurationName = Release;
		};
		F19DAE701F3DB03D007F14FF /* Build configuration list for PBXNativeTarget "Level Sense" */ = {
			isa = XCConfigurationList;
			buildConfigurations = (
				F19DAE711F3DB03D007F14FF /* Debug */,
				F19DAE721F3DB03D007F14FF /* Release */,
			);
			defaultConfigurationIsVisible = 0;
			defaultConfigurationName = Release;
		};
/* End XCConfigurationList section */

/* Begin XCVersionGroup section */
		F19DAE651F3DB03D007F14FF /* LevelSense.xcdatamodeld */ = {
			isa = XCVersionGroup;
			children = (
				F19DAE661F3DB03D007F14FF /* LevelSense.xcdatamodel */,
			);
			currentVersion = F19DAE661F3DB03D007F14FF /* LevelSense.xcdatamodel */;
			path = LevelSense.xcdatamodeld;
			sourceTree = "<group>";
			versionGroupType = wrapper.xcdatamodel;
		};
/* End XCVersionGroup section */
	};
	rootObject = F19DAE531F3DB03D007F14FF /* Project object */;
}
